// !$*UTF8*$!
{
	archiveVersion = 1;
	classes = {
	};
	objectVersion = 50;
	objects = {

/* Begin PBXBuildFile section */
		DA297A032237D7B9005CC018 /* main.c in Sources */ = {isa = PBXBuildFile; fileRef = DA297A022237D7B9005CC018 /* main.c */; };
		DA297A0D2237D91C005CC018 /* LinkStack.c in Sources */ = {isa = PBXBuildFile; fileRef = DA297A0C2237D91C005CC018 /* LinkStack.c */; };
		DA297A112237D9A7005CC018 /* Calculator.c in Sources */ = {isa = PBXBuildFile; fileRef = DA297A102237D9A7005CC018 /* Calculator.c */; };
/* End PBXBuildFile section */

/* Begin PBXCopyFilesBuildPhase section */
		DA2979FD2237D7B9005CC018 /* CopyFiles */ = {
			isa = PBXCopyFilesBuildPhase;
			buildActionMask = 2147483647;
			dstPath = /usr/share/man/man1/;
			dstSubfolderSpec = 0;
			files = (
			);
			runOnlyForDeploymentPostprocessing = 1;
		};
/* End PBXCopyFilesBuildPhase section */

/* Begin PBXFileReference section */
		DA2979FF2237D7B9005CC018 /* calculator */ = {isa = PBXFileReference; explicitFileType = "compiled.mach-o.executable"; includeInIndex = 0; path = calculator; sourceTree = BUILT_PRODUCTS_DIR; };
		DA297A022237D7B9005CC018 /* main.c */ = {isa = PBXFileReference; lastKnownFileType = sourcecode.c.c; path = main.c; sourceTree = "<group>"; };
		DA297A0A2237D91C005CC018 /* LinkStack.h */ = {isa = PBXFileReference; fileEncoding = 4; lastKnownFileType = sourcecode.c.h; path = LinkStack.h; sourceTree = "<group>"; };
		DA297A0B2237D91C005CC018 /* Stack.h */ = {isa = PBXFileReference; fileEncoding = 4; lastKnownFileType = sourcecode.c.h; path = Stack.h; sourceTree = "<group>"; };
		DA297A0C2237D91C005CC018 /* LinkStack.c */ = {isa = PBXFileReference; fileEncoding = 4; lastKnownFileType = sourcecode.c.c; path = LinkStack.c; sourceTree = "<group>"; };
		DA297A0F2237D9A7005CC018 /* Calculator.h */ = {isa = PBXFileReference; lastKnownFileType = sourcecode.c.h; path = Calculator.h; sourceTree = "<group>"; };
		DA297A102237D9A7005CC018 /* Calculator.c */ = {isa = PBXFileReference; lastKnownFileType = sourcecode.c.c; path = Calculator.c; sourceTree = "<group>"; };
/* End PBXFileReference section */

/* Begin PBXFrameworksBuildPhase section */
		DA2979FC2237D7B9005CC018 /* Frameworks */ = {
			isa = PBXFrameworksBuildPhase;
			buildActionMask = 2147483647;
			files = (
			);
			runOnlyForDeploymentPostprocessing = 0;
		};
/* End PBXFrameworksBuildPhase section */

/* Begin PBXGroup section */
		DA2979F62237D7B9005CC018 = {
			isa = PBXGroup;
			children = (
				DA297A012237D7B9005CC018 /* calculator */,
				DA297A002237D7B9005CC018 /* Products */,
			);
			sourceTree = "<group>";
		};
		DA297A002237D7B9005CC018 /* Products */ = {
			isa = PBXGroup;
			children = (
				DA2979FF2237D7B9005CC018 /* calculator */,
			);
			name = Products;
			sourceTree = "<group>";
		};
		DA297A012237D7B9005CC018 /* calculator */ = {
			isa = PBXGroup;
			children = (
				DA297A092237D8EC005CC018 /* stack */,
				DA297A0E2237D999005CC018 /* calculator */,
				DA297A022237D7B9005CC018 /* main.c */,
			);
			path = calculator;
			sourceTree = "<group>";
		};
		DA297A092237D8EC005CC018 /* stack */ = {
			isa = PBXGroup;
			children = (
				DA297A0B2237D91C005CC018 /* Stack.h */,
				DA297A0C2237D91C005CC018 /* LinkStack.c */,
				DA297A0A2237D91C005CC018 /* LinkStack.h */,
			);
			path = stack;
			sourceTree = "<group>";
		};
		DA297A0E2237D999005CC018 /* calculator */ = {
			isa = PBXGroup;
			children = (
				DA297A0F2237D9A7005CC018 /* Calculator.h */,
				DA297A102237D9A7005CC018 /* Calculator.c */,
			);
			path = calculator;
			sourceTree = "<group>";
		};
/* End PBXGroup section */

/* Begin PBXNativeTarget section */
		DA2979FE2237D7B9005CC018 /* calculator */ = {
			isa = PBXNativeTarget;
			buildConfigurationList = DA297A062237D7B9005CC018 /* Build configuration list for PBXNativeTarget "calculator" */;
			buildPhases = (
				DA2979FB2237D7B9005CC018 /* Sources */,
				DA2979FC2237D7B9005CC018 /* Frameworks */,
				DA2979FD2237D7B9005CC018 /* CopyFiles */,
			);
			buildRules = (
			);
			dependencies = (
			);
			name = calculator;
			productName = calculator;
			productReference = DA2979FF2237D7B9005CC018 /* calculator */;
			productType = "com.apple.product-type.tool";
		};
/* End PBXNativeTarget section */

/* Begin PBXProject section */
		DA2979F72237D7B9005CC018 /* Project object */ = {
			isa = PBXProject;
			attributes = {
				LastUpgradeCheck = 1010;
				ORGANIZATIONNAME = "王俊";
				TargetAttributes = {
					DA2979FE2237D7B9005CC018 = {
						CreatedOnToolsVersion = 10.1;
					};
				};
			};
			buildConfigurationList = DA2979FA2237D7B9005CC018 /* Build configuration list for PBXProject "calculator" */;
			compatibilityVersion = "Xcode 9.3";
			developmentRegion = en;
			hasScannedForEncodings = 0;
			knownRegions = (
				en,
			);
			mainGroup = DA2979F62237D7B9005CC018;
			productRefGroup = DA297A002237D7B9005CC018 /* Products */;
			projectDirPath = "";
			projectRoot = "";
			targets = (
				DA2979FE2237D7B9005CC018 /* calculator */,
			);
		};
/* End PBXProject section */

/* Begin PBXSourcesBuildPhase section */
		DA2979FB2237D7B9005CC018 /* Sources */ = {
			isa = PBXSourcesBuildPhase;
			buildActionMask = 2147483647;
			files = (
				DA297A0D2237D91C005CC018 /* LinkStack.c in Sources */,
				DA297A112237D9A7005CC018 /* Calculator.c in Sources */,
				DA297A032237D7B9005CC018 /* main.c in Sources */,
			);
			runOnlyForDeploymentPostprocessing = 0;
		};
/* End PBXSourcesBuildPhase section */

/* Begin XCBuildConfiguration section */
		DA297A042237D7B9005CC018 /* Debug */ = {
			isa = XCBuildConfiguration;
			buildSettings = {
				ALWAYS_SEARCH_USER_PATHS = NO;
				CLANG_ANALYZER_NONNULL = YES;
				CLANG_ANALYZER_NUMBER_OBJECT_CONVERSION = YES_AGGRESSIVE;
				CLANG_CXX_LANGUAGE_STANDARD = "gnu++14";
				CLANG_CXX_LIBRARY = "libc++";
				CLANG_ENABLE_MODULES = YES;
				CLANG_ENABLE_OBJC_ARC = YES;
				CLANG_ENABLE_OBJC_WEAK = YES;
				CLANG_WARN_BLOCK_CAPTURE_AUTORELEASING = YES;
				CLANG_WARN_BOOL_CONVERSION = YES;
				CLANG_WARN_COMMA = YES;
				CLANG_WARN_CONSTANT_CONVERSION = YES;
				CLANG_WARN_DEPRECATED_OBJC_IMPLEMENTATIONS = YES;
				CLANG_WARN_DIRECT_OBJC_ISA_USAGE = YES_ERROR;
				CLANG_WARN_DOCUMENTATION_COMMENTS = YES;
				CLANG_WARN_EMPTY_BODY = YES;
				CLANG_WARN_ENUM_CONVERSION = YES;
				CLANG_WARN_INFINITE_RECURSION = YES;
				CLANG_WARN_INT_CONVERSION = YES;
				CLANG_WARN_NON_LITERAL_NULL_CONVERSION = YES;
				CLANG_WARN_OBJC_IMPLICIT_RETAIN_SELF = YES;
				CLANG_WARN_OBJC_LITERAL_CONVERSION = YES;
				CLANG_WARN_OBJC_ROOT_CLASS = YES_ERROR;
				CLANG_WARN_RANGE_LOOP_ANALYSIS = YES;
				CLANG_WARN_STRICT_PROTOTYPES = YES;
				CLANG_WARN_SUSPICIOUS_MOVE = YES;
				CLANG_WARN_UNGUARDED_AVAILABILITY = YES_AGGRESSIVE;
				CLANG_WARN_UNREACHABLE_CODE = YES;
				CLANG_WARN__DUPLICATE_METHOD_MATCH = YES;
				CODE_SIGN_IDENTITY = "Mac Developer";
				COPY_PHASE_STRIP = NO;
				DEBUG_INFORMATION_FORMAT = dwarf;
				ENABLE_STRICT_OBJC_MSGSEND = YES;
				ENABLE_TESTABILITY = YES;
				GCC_C_LANGUAGE_STANDARD = gnu11;
				GCC_DYNAMIC_NO_PIC = NO;
				GCC_NO_COMMON_BLOCKS = YES;
				GCC_OPTIMIZATION_LEVEL = 0;
				GCC_PREPROCESSOR_DEFINITIONS = (
					"DEBUG=1",
					"$(inherited)",
				);
				GCC_WARN_64_TO_32_BIT_CONVERSION = YES;
				GCC_WARN_ABOUT_RETURN_TYPE = YES_ERROR;
				GCC_WARN_UNDECLARED_SELECTOR = YES;
				GCC_WARN_UNINITIALIZED_AUTOS = YES_AGGRESSIVE;
				GCC_WARN_UNUSED_FUNCTION = YES;
				GCC_WARN_UNUSED_VARIABLE = YES;
				MACOSX_DEPLOYMENT_TARGET = 10.14;
				MTL_ENABLE_DEBUG_INFO = INCLUDE_SOURCE;
				MTL_FAST_MATH = YES;
				ONLY_ACTIVE_ARCH = YES;
				SDKROOT = macosx;
			};
			name = Debug;
		};
		DA297A052237D7B9005CC018 /* Release */ = {
			isa = XCBuildConfiguration;
			buildSettings = {
				ALWAYS_SEARCH_USER_PATHS = NO;
				CLANG_ANALYZER_NONNULL = YES;
				CLANG_ANALYZER_NUMBER_OBJECT_CONVERSION = YES_AGGRESSIVE;
				CLANG_CXX_LANGUAGE_STANDARD = "gnu++14";
				CLANG_CXX_LIBRARY = "libc++";
				CLANG_ENABLE_MODULES = YES;
				CLANG_ENABLE_OBJC_ARC = YES;
				CLANG_ENABLE_OBJC_WEAK = YES;
				CLANG_WARN_BLOCK_CAPTURE_AUTORELEASING = YES;
				CLANG_WARN_BOOL_CONVERSION = YES;
				CLANG_WARN_COMMA = YES;
				CLANG_WARN_CONSTANT_CONVERSION = YES;
				CLANG_WARN_DEPRECATED_OBJC_IMPLEMENTATIONS = YES;
				CLANG_WARN_DIRECT_OBJC_ISA_USAGE = YES_ERROR;
				CLANG_WARN_DOCUMENTATION_COMMENTS = YES;
				CLANG_WARN_EMPTY_BODY = YES;
				CLANG_WARN_ENUM_CONVERSION = YES;
				CLANG_WARN_INFINITE_RECURSION = YES;
				CLANG_WARN_INT_CONVERSION = YES;
				CLANG_WARN_NON_LITERAL_NULL_CONVERSION = YES;
				CLANG_WARN_OBJC_IMPLICIT_RETAIN_SELF = YES;
				CLANG_WARN_OBJC_LITERAL_CONVERSION = YES;
				CLANG_WARN_OBJC_ROOT_CLASS = YES_ERROR;
				CLANG_WARN_RANGE_LOOP_ANALYSIS = YES;
				CLANG_WARN_STRICT_PROTOTYPES = YES;
				CLANG_WARN_SUSPICIOUS_MOVE = YES;
				CLANG_WARN_UNGUARDED_AVAILABILITY = YES_AGGRESSIVE;
				CLANG_WARN_UNREACHABLE_CODE = YES;
				CLANG_WARN__DUPLICATE_METHOD_MATCH = YES;
				CODE_SIGN_IDENTITY = "Mac Developer";
				COPY_PHASE_STRIP = NO;
				DEBUG_INFORMATION_FORMAT = "dwarf-with-dsym";
				ENABLE_NS_ASSERTIONS = NO;
				ENABLE_STRICT_OBJC_MSGSEND = YES;
				GCC_C_LANGUAGE_STANDARD = gnu11;
				GCC_NO_COMMON_BLOCKS = YES;
				GCC_WARN_64_TO_32_BIT_CONVERSION = YES;
				GCC_WARN_ABOUT_RETURN_TYPE = YES_ERROR;
				GCC_WARN_UNDECLARED_SELECTOR = YES;
				GCC_WARN_UNINITIALIZED_AUTOS = YES_AGGRESSIVE;
				GCC_WARN_UNUSED_FUNCTION = YES;
				GCC_WARN_UNUSED_VARIABLE = YES;
				MACOSX_DEPLOYMENT_TARGET = 10.14;
				MTL_ENABLE_DEBUG_INFO = NO;
				MTL_FAST_MATH = YES;
				SDKROOT = macosx;
			};
			name = Release;
		};
		DA297A072237D7B9005CC018 /* Debug */ = {
			isa = XCBuildConfiguration;
			buildSettings = {
				CODE_SIGN_STYLE = Automatic;
				DEVELOPMENT_TEAM = 7465LVKW35;
				PRODUCT_NAME = "$(TARGET_NAME)";
			};
			name = Debug;
		};
		DA297A082237D7B9005CC018 /* Release */ = {
			isa = XCBuildConfiguration;
			buildSettings = {
				CODE_SIGN_STYLE = Automatic;
				DEVELOPMENT_TEAM = 7465LVKW35;
				PRODUCT_NAME = "$(TARGET_NAME)";
			};
			name = Release;
		};
/* End XCBuildConfiguration section */

/* Begin XCConfigurationList section */
		DA2979FA2237D7B9005CC018 /* Build configuration list for PBXProject "calculator" */ = {
			isa = XCConfigurationList;
			buildConfigurations = (
				DA297A042237D7B9005CC018 /* Debug */,
				DA297A052237D7B9005CC018 /* Release */,
			);
			defaultConfigurationIsVisible = 0;
			defaultConfigurationName = Release;
		};
		DA297A062237D7B9005CC018 /* Build configuration list for PBXNativeTarget "calculator" */ = {
			isa = XCConfigurationList;
			buildConfigurations = (
				DA297A072237D7B9005CC018 /* Debug */,
				DA297A082237D7B9005CC018 /* Release */,
			);
			defaultConfigurationIsVisible = 0;
			defaultConfigurationName = Release;
		};
/* End XCConfigurationList section */
	};
	rootObject = DA2979F72237D7B9005CC018 /* Project object */;
}
