// !$*UTF8*$!
{
	archiveVersion = 1;
	classes = {
	};
	objectVersion = 50;
	objects = {

/* Begin PBXBuildFile section */
		DA76D96221C752BE00D4CD12 /* main.m in Sources */ = {isa = PBXBuildFile; fileRef = DA76D96121C752BE00D4CD12 /* main.m */; };
		DA76D96B21C752F900D4CD12 /* SchoolGirl.m in Sources */ = {isa = PBXBuildFile; fileRef = DA76D96A21C752F900D4CD12 /* SchoolGirl.m */; };
		DA76D96E21C753A200D4CD12 /* Pursuit.m in Sources */ = {isa = PBXBuildFile; fileRef = DA76D96D21C753A200D4CD12 /* Pursuit.m */; };
		DA76D97121C753B200D4CD12 /* Proxy.m in Sources */ = {isa = PBXBuildFile; fileRef = DA76D97021C753B200D4CD12 /* Proxy.m */; };
/* End PBXBuildFile section */

/* Begin PBXCopyFilesBuildPhase section */
		DA76D95C21C752BE00D4CD12 /* CopyFiles */ = {
			isa = PBXCopyFilesBuildPhase;
			buildActionMask = 2147483647;
			dstPath = /usr/share/man/man1/;
			dstSubfolderSpec = 0;
			files = (
			);
			runOnlyForDeploymentPostprocessing = 1;
		};
/* End PBXCopyFilesBuildPhase section */

/* Begin PBXFileReference section */
		DA76D95E21C752BE00D4CD12 /* proxy */ = {isa = PBXFileReference; explicitFileType = "compiled.mach-o.executable"; includeInIndex = 0; path = proxy; sourceTree = BUILT_PRODUCTS_DIR; };
		DA76D96121C752BE00D4CD12 /* main.m */ = {isa = PBXFileReference; lastKnownFileType = sourcecode.c.objc; path = main.m; sourceTree = "<group>"; };
		DA76D96921C752F900D4CD12 /* SchoolGirl.h */ = {isa = PBXFileReference; lastKnownFileType = sourcecode.c.h; path = SchoolGirl.h; sourceTree = "<group>"; };
		DA76D96A21C752F900D4CD12 /* SchoolGirl.m */ = {isa = PBXFileReference; lastKnownFileType = sourcecode.c.objc; path = SchoolGirl.m; sourceTree = "<group>"; };
		DA76D96C21C753A200D4CD12 /* Pursuit.h */ = {isa = PBXFileReference; lastKnownFileType = sourcecode.c.h; path = Pursuit.h; sourceTree = "<group>"; };
		DA76D96D21C753A200D4CD12 /* Pursuit.m */ = {isa = PBXFileReference; lastKnownFileType = sourcecode.c.objc; path = Pursuit.m; sourceTree = "<group>"; };
		DA76D96F21C753B200D4CD12 /* Proxy.h */ = {isa = PBXFileReference; lastKnownFileType = sourcecode.c.h; path = Proxy.h; sourceTree = "<group>"; };
		DA76D97021C753B200D4CD12 /* Proxy.m */ = {isa = PBXFileReference; lastKnownFileType = sourcecode.c.objc; path = Proxy.m; sourceTree = "<group>"; };
		DA76D97221C7543800D4CD12 /* GiveGift.h */ = {isa = PBXFileReference; lastKnownFileType = sourcecode.c.h; path = GiveGift.h; sourceTree = "<group>"; };
/* End PBXFileReference section */

/* Begin PBXFrameworksBuildPhase section */
		DA76D95B21C752BE00D4CD12 /* Frameworks */ = {
			isa = PBXFrameworksBuildPhase;
			buildActionMask = 2147483647;
			files = (
			);
			runOnlyForDeploymentPostprocessing = 0;
		};
/* End PBXFrameworksBuildPhase section */

/* Begin PBXGroup section */
		DA76D95521C752BE00D4CD12 = {
			isa = PBXGroup;
			children = (
				DA76D96021C752BE00D4CD12 /* proxy */,
				DA76D95F21C752BE00D4CD12 /* Products */,
			);
			sourceTree = "<group>";
		};
		DA76D95F21C752BE00D4CD12 /* Products */ = {
			isa = PBXGroup;
			children = (
				DA76D95E21C752BE00D4CD12 /* proxy */,
			);
			name = Products;
			sourceTree = "<group>";
		};
		DA76D96021C752BE00D4CD12 /* proxy */ = {
			isa = PBXGroup;
			children = (
				DA76D96821C752E000D4CD12 /* proxy */,
				DA76D96121C752BE00D4CD12 /* main.m */,
			);
			path = proxy;
			sourceTree = "<group>";
		};
		DA76D96821C752E000D4CD12 /* proxy */ = {
			isa = PBXGroup;
			children = (
				DA76D96921C752F900D4CD12 /* SchoolGirl.h */,
				DA76D96A21C752F900D4CD12 /* SchoolGirl.m */,
				DA76D96C21C753A200D4CD12 /* Pursuit.h */,
				DA76D96D21C753A200D4CD12 /* Pursuit.m */,
				DA76D96F21C753B200D4CD12 /* Proxy.h */,
				DA76D97021C753B200D4CD12 /* Proxy.m */,
				DA76D97221C7543800D4CD12 /* GiveGift.h */,
			);
			path = proxy;
			sourceTree = "<group>";
		};
/* End PBXGroup section */

/* Begin PBXNativeTarget section */
		DA76D95D21C752BE00D4CD12 /* proxy */ = {
			isa = PBXNativeTarget;
			buildConfigurationList = DA76D96521C752BE00D4CD12 /* Build configuration list for PBXNativeTarget "proxy" */;
			buildPhases = (
				DA76D95A21C752BE00D4CD12 /* Sources */,
				DA76D95B21C752BE00D4CD12 /* Frameworks */,
				DA76D95C21C752BE00D4CD12 /* CopyFiles */,
			);
			buildRules = (
			);
			dependencies = (
			);
			name = proxy;
			productName = proxy;
			productReference = DA76D95E21C752BE00D4CD12 /* proxy */;
			productType = "com.apple.product-type.tool";
		};
/* End PBXNativeTarget section */

/* Begin PBXProject section */
		DA76D95621C752BE00D4CD12 /* Project object */ = {
			isa = PBXProject;
			attributes = {
				LastUpgradeCheck = 1010;
				ORGANIZATIONNAME = "王俊";
				TargetAttributes = {
					DA76D95D21C752BE00D4CD12 = {
						CreatedOnToolsVersion = 10.1;
					};
				};
			};
			buildConfigurationList = DA76D95921C752BE00D4CD12 /* Build configuration list for PBXProject "proxy" */;
			compatibilityVersion = "Xcode 9.3";
			developmentRegion = en;
			hasScannedForEncodings = 0;
			knownRegions = (
				en,
			);
			mainGroup = DA76D95521C752BE00D4CD12;
			productRefGroup = DA76D95F21C752BE00D4CD12 /* Products */;
			projectDirPath = "";
			projectRoot = "";
			targets = (
				DA76D95D21C752BE00D4CD12 /* proxy */,
			);
		};
/* End PBXProject section */

/* Begin PBXSourcesBuildPhase section */
		DA76D95A21C752BE00D4CD12 /* Sources */ = {
			isa = PBXSourcesBuildPhase;
			buildActionMask = 2147483647;
			files = (
				DA76D97121C753B200D4CD12 /* Proxy.m in Sources */,
				DA76D96221C752BE00D4CD12 /* main.m in Sources */,
				DA76D96B21C752F900D4CD12 /* SchoolGirl.m in Sources */,
				DA76D96E21C753A200D4CD12 /* Pursuit.m in Sources */,
			);
			runOnlyForDeploymentPostprocessing = 0;
		};
/* End PBXSourcesBuildPhase section */

/* Begin XCBuildConfiguration section */
		DA76D96321C752BE00D4CD12 /* Debug */ = {
			isa = XCBuildConfiguration;
			buildSettings = {
				ALWAYS_SEARCH_USER_PATHS = NO;
				CLANG_ANALYZER_NONNULL = YES;
				CLANG_ANALYZER_NUMBER_OBJECT_CONVERSION = YES_AGGRESSIVE;
				CLANG_CXX_LANGUAGE_STANDARD = "gnu++14";
				CLANG_CXX_LIBRARY = "libc++";
				CLANG_ENABLE_MODULES = YES;
				CLANG_ENABLE_OBJC_ARC = YES;
				CLANG_ENABLE_OBJC_WEAK = YES;
				CLANG_WARN_BLOCK_CAPTURE_AUTORELEASING = YES;
				CLANG_WARN_BOOL_CONVERSION = YES;
				CLANG_WARN_COMMA = YES;
				CLANG_WARN_CONSTANT_CONVERSION = YES;
				CLANG_WARN_DEPRECATED_OBJC_IMPLEMENTATIONS = YES;
				CLANG_WARN_DIRECT_OBJC_ISA_USAGE = YES_ERROR;
				CLANG_WARN_DOCUMENTATION_COMMENTS = YES;
				CLANG_WARN_EMPTY_BODY = YES;
				CLANG_WARN_ENUM_CONVERSION = YES;
				CLANG_WARN_INFINITE_RECURSION = YES;
				CLANG_WARN_INT_CONVERSION = YES;
				CLANG_WARN_NON_LITERAL_NULL_CONVERSION = YES;
				CLANG_WARN_OBJC_IMPLICIT_RETAIN_SELF = YES;
				CLANG_WARN_OBJC_LITERAL_CONVERSION = YES;
				CLANG_WARN_OBJC_ROOT_CLASS = YES_ERROR;
				CLANG_WARN_RANGE_LOOP_ANALYSIS = YES;
				CLANG_WARN_STRICT_PROTOTYPES = YES;
				CLANG_WARN_SUSPICIOUS_MOVE = YES;
				CLANG_WARN_UNGUARDED_AVAILABILITY = YES_AGGRESSIVE;
				CLANG_WARN_UNREACHABLE_CODE = YES;
				CLANG_WARN__DUPLICATE_METHOD_MATCH = YES;
				CODE_SIGN_IDENTITY = "Mac Developer";
				COPY_PHASE_STRIP = NO;
				DEBUG_INFORMATION_FORMAT = dwarf;
				ENABLE_STRICT_OBJC_MSGSEND = YES;
				ENABLE_TESTABILITY = YES;
				GCC_C_LANGUAGE_STANDARD = gnu11;
				GCC_DYNAMIC_NO_PIC = NO;
				GCC_NO_COMMON_BLOCKS = YES;
				GCC_OPTIMIZATION_LEVEL = 0;
				GCC_PREPROCESSOR_DEFINITIONS = (
					"DEBUG=1",
					"$(inherited)",
				);
				GCC_WARN_64_TO_32_BIT_CONVERSION = YES;
				GCC_WARN_ABOUT_RETURN_TYPE = YES_ERROR;
				GCC_WARN_UNDECLARED_SELECTOR = YES;
				GCC_WARN_UNINITIALIZED_AUTOS = YES_AGGRESSIVE;
				GCC_WARN_UNUSED_FUNCTION = YES;
				GCC_WARN_UNUSED_VARIABLE = YES;
				MACOSX_DEPLOYMENT_TARGET = 10.14;
				MTL_ENABLE_DEBUG_INFO = INCLUDE_SOURCE;
				MTL_FAST_MATH = YES;
				ONLY_ACTIVE_ARCH = YES;
				SDKROOT = macosx;
			};
			name = Debug;
		};
		DA76D96421C752BE00D4CD12 /* Release */ = {
			isa = XCBuildConfiguration;
			buildSettings = {
				ALWAYS_SEARCH_USER_PATHS = NO;
				CLANG_ANALYZER_NONNULL = YES;
				CLANG_ANALYZER_NUMBER_OBJECT_CONVERSION = YES_AGGRESSIVE;
				CLANG_CXX_LANGUAGE_STANDARD = "gnu++14";
				CLANG_CXX_LIBRARY = "libc++";
				CLANG_ENABLE_MODULES = YES;
				CLANG_ENABLE_OBJC_ARC = YES;
				CLANG_ENABLE_OBJC_WEAK = YES;
				CLANG_WARN_BLOCK_CAPTURE_AUTORELEASING = YES;
				CLANG_WARN_BOOL_CONVERSION = YES;
				CLANG_WARN_COMMA = YES;
				CLANG_WARN_CONSTANT_CONVERSION = YES;
				CLANG_WARN_DEPRECATED_OBJC_IMPLEMENTATIONS = YES;
				CLANG_WARN_DIRECT_OBJC_ISA_USAGE = YES_ERROR;
				CLANG_WARN_DOCUMENTATION_COMMENTS = YES;
				CLANG_WARN_EMPTY_BODY = YES;
				CLANG_WARN_ENUM_CONVERSION = YES;
				CLANG_WARN_INFINITE_RECURSION = YES;
				CLANG_WARN_INT_CONVERSION = YES;
				CLANG_WARN_NON_LITERAL_NULL_CONVERSION = YES;
				CLANG_WARN_OBJC_IMPLICIT_RETAIN_SELF = YES;
				CLANG_WARN_OBJC_LITERAL_CONVERSION = YES;
				CLANG_WARN_OBJC_ROOT_CLASS = YES_ERROR;
				CLANG_WARN_RANGE_LOOP_ANALYSIS = YES;
				CLANG_WARN_STRICT_PROTOTYPES = YES;
				CLANG_WARN_SUSPICIOUS_MOVE = YES;
				CLANG_WARN_UNGUARDED_AVAILABILITY = YES_AGGRESSIVE;
				CLANG_WARN_UNREACHABLE_CODE = YES;
				CLANG_WARN__DUPLICATE_METHOD_MATCH = YES;
				CODE_SIGN_IDENTITY = "Mac Developer";
				COPY_PHASE_STRIP = NO;
				DEBUG_INFORMATION_FORMAT = "dwarf-with-dsym";
				ENABLE_NS_ASSERTIONS = NO;
				ENABLE_STRICT_OBJC_MSGSEND = YES;
				GCC_C_LANGUAGE_STANDARD = gnu11;
				GCC_NO_COMMON_BLOCKS = YES;
				GCC_WARN_64_TO_32_BIT_CONVERSION = YES;
				GCC_WARN_ABOUT_RETURN_TYPE = YES_ERROR;
				GCC_WARN_UNDECLARED_SELECTOR = YES;
				GCC_WARN_UNINITIALIZED_AUTOS = YES_AGGRESSIVE;
				GCC_WARN_UNUSED_FUNCTION = YES;
				GCC_WARN_UNUSED_VARIABLE = YES;
				MACOSX_DEPLOYMENT_TARGET = 10.14;
				MTL_ENABLE_DEBUG_INFO = NO;
				MTL_FAST_MATH = YES;
				SDKROOT = macosx;
			};
			name = Release;
		};
		DA76D96621C752BE00D4CD12 /* Debug */ = {
			isa = XCBuildConfiguration;
			buildSettings = {
				CODE_SIGN_STYLE = Automatic;
				DEVELOPMENT_TEAM = 7465LVKW35;
				PRODUCT_NAME = "$(TARGET_NAME)";
			};
			name = Debug;
		};
		DA76D96721C752BE00D4CD12 /* Release */ = {
			isa = XCBuildConfiguration;
			buildSettings = {
				CODE_SIGN_STYLE = Automatic;
				DEVELOPMENT_TEAM = 7465LVKW35;
				PRODUCT_NAME = "$(TARGET_NAME)";
			};
			name = Release;
		};
/* End XCBuildConfiguration section */

/* Begin XCConfigurationList section */
		DA76D95921C752BE00D4CD12 /* Build configuration list for PBXProject "proxy" */ = {
			isa = XCConfigurationList;
			buildConfigurations = (
				DA76D96321C752BE00D4CD12 /* Debug */,
				DA76D96421C752BE00D4CD12 /* Release */,
			);
			defaultConfigurationIsVisible = 0;
			defaultConfigurationName = Release;
		};
		DA76D96521C752BE00D4CD12 /* Build configuration list for PBXNativeTarget "proxy" */ = {
			isa = XCConfigurationList;
			buildConfigurations = (
				DA76D96621C752BE00D4CD12 /* Debug */,
				DA76D96721C752BE00D4CD12 /* Release */,
			);
			defaultConfigurationIsVisible = 0;
			defaultConfigurationName = Release;
		};
/* End XCConfigurationList section */
	};
	rootObject = DA76D95621C752BE00D4CD12 /* Project object */;
}
