// !$*UTF8*$!
{
	archiveVersion = 1;
	classes = {
	};
	objectVersion = 50;
	objects = {

/* Begin PBXBuildFile section */
		DA76DA5221C7EA5000D4CD12 /* main.m in Sources */ = {isa = PBXBuildFile; fileRef = DA76DA5121C7EA5000D4CD12 /* main.m */; };
		DA76DA5C21C8D11D00D4CD12 /* PersonThinBuilder.m in Sources */ = {isa = PBXBuildFile; fileRef = DA76DA5B21C8D11D00D4CD12 /* PersonThinBuilder.m */; };
		DA76DA5F21C8D12900D4CD12 /* PersonFatBuilder.m in Sources */ = {isa = PBXBuildFile; fileRef = DA76DA5E21C8D12900D4CD12 /* PersonFatBuilder.m */; };
		DA76DA6221C8D13D00D4CD12 /* PersonDirector.m in Sources */ = {isa = PBXBuildFile; fileRef = DA76DA6121C8D13D00D4CD12 /* PersonDirector.m */; };
/* End PBXBuildFile section */

/* Begin PBXCopyFilesBuildPhase section */
		DA76DA4C21C7EA5000D4CD12 /* CopyFiles */ = {
			isa = PBXCopyFilesBuildPhase;
			buildActionMask = 2147483647;
			dstPath = /usr/share/man/man1/;
			dstSubfolderSpec = 0;
			files = (
			);
			runOnlyForDeploymentPostprocessing = 1;
		};
/* End PBXCopyFilesBuildPhase section */

/* Begin PBXFileReference section */
		DA76DA4E21C7EA5000D4CD12 /* builder */ = {isa = PBXFileReference; explicitFileType = "compiled.mach-o.executable"; includeInIndex = 0; path = builder; sourceTree = BUILT_PRODUCTS_DIR; };
		DA76DA5121C7EA5000D4CD12 /* main.m */ = {isa = PBXFileReference; lastKnownFileType = sourcecode.c.objc; path = main.m; sourceTree = "<group>"; };
		DA76DA5921C7EB5600D4CD12 /* PersonBuilder.h */ = {isa = PBXFileReference; lastKnownFileType = sourcecode.c.h; path = PersonBuilder.h; sourceTree = "<group>"; };
		DA76DA5A21C8D11D00D4CD12 /* PersonThinBuilder.h */ = {isa = PBXFileReference; lastKnownFileType = sourcecode.c.h; path = PersonThinBuilder.h; sourceTree = "<group>"; };
		DA76DA5B21C8D11D00D4CD12 /* PersonThinBuilder.m */ = {isa = PBXFileReference; lastKnownFileType = sourcecode.c.objc; path = PersonThinBuilder.m; sourceTree = "<group>"; };
		DA76DA5D21C8D12900D4CD12 /* PersonFatBuilder.h */ = {isa = PBXFileReference; lastKnownFileType = sourcecode.c.h; path = PersonFatBuilder.h; sourceTree = "<group>"; };
		DA76DA5E21C8D12900D4CD12 /* PersonFatBuilder.m */ = {isa = PBXFileReference; lastKnownFileType = sourcecode.c.objc; path = PersonFatBuilder.m; sourceTree = "<group>"; };
		DA76DA6021C8D13D00D4CD12 /* PersonDirector.h */ = {isa = PBXFileReference; lastKnownFileType = sourcecode.c.h; path = PersonDirector.h; sourceTree = "<group>"; };
		DA76DA6121C8D13D00D4CD12 /* PersonDirector.m */ = {isa = PBXFileReference; lastKnownFileType = sourcecode.c.objc; path = PersonDirector.m; sourceTree = "<group>"; };
/* End PBXFileReference section */

/* Begin PBXFrameworksBuildPhase section */
		DA76DA4B21C7EA5000D4CD12 /* Frameworks */ = {
			isa = PBXFrameworksBuildPhase;
			buildActionMask = 2147483647;
			files = (
			);
			runOnlyForDeploymentPostprocessing = 0;
		};
/* End PBXFrameworksBuildPhase section */

/* Begin PBXGroup section */
		DA76DA4521C7EA5000D4CD12 = {
			isa = PBXGroup;
			children = (
				DA76DA5021C7EA5000D4CD12 /* builder */,
				DA76DA4F21C7EA5000D4CD12 /* Products */,
			);
			sourceTree = "<group>";
		};
		DA76DA4F21C7EA5000D4CD12 /* Products */ = {
			isa = PBXGroup;
			children = (
				DA76DA4E21C7EA5000D4CD12 /* builder */,
			);
			name = Products;
			sourceTree = "<group>";
		};
		DA76DA5021C7EA5000D4CD12 /* builder */ = {
			isa = PBXGroup;
			children = (
				DA76DA5821C7EAC300D4CD12 /* builder */,
				DA76DA5121C7EA5000D4CD12 /* main.m */,
			);
			path = builder;
			sourceTree = "<group>";
		};
		DA76DA5821C7EAC300D4CD12 /* builder */ = {
			isa = PBXGroup;
			children = (
				DA76DA5921C7EB5600D4CD12 /* PersonBuilder.h */,
				DA76DA5A21C8D11D00D4CD12 /* PersonThinBuilder.h */,
				DA76DA5B21C8D11D00D4CD12 /* PersonThinBuilder.m */,
				DA76DA5D21C8D12900D4CD12 /* PersonFatBuilder.h */,
				DA76DA5E21C8D12900D4CD12 /* PersonFatBuilder.m */,
				DA76DA6021C8D13D00D4CD12 /* PersonDirector.h */,
				DA76DA6121C8D13D00D4CD12 /* PersonDirector.m */,
			);
			path = builder;
			sourceTree = "<group>";
		};
/* End PBXGroup section */

/* Begin PBXNativeTarget section */
		DA76DA4D21C7EA5000D4CD12 /* builder */ = {
			isa = PBXNativeTarget;
			buildConfigurationList = DA76DA5521C7EA5000D4CD12 /* Build configuration list for PBXNativeTarget "builder" */;
			buildPhases = (
				DA76DA4A21C7EA5000D4CD12 /* Sources */,
				DA76DA4B21C7EA5000D4CD12 /* Frameworks */,
				DA76DA4C21C7EA5000D4CD12 /* CopyFiles */,
			);
			buildRules = (
			);
			dependencies = (
			);
			name = builder;
			productName = builder;
			productReference = DA76DA4E21C7EA5000D4CD12 /* builder */;
			productType = "com.apple.product-type.tool";
		};
/* End PBXNativeTarget section */

/* Begin PBXProject section */
		DA76DA4621C7EA5000D4CD12 /* Project object */ = {
			isa = PBXProject;
			attributes = {
				LastUpgradeCheck = 1010;
				ORGANIZATIONNAME = "王俊";
				TargetAttributes = {
					DA76DA4D21C7EA5000D4CD12 = {
						CreatedOnToolsVersion = 10.1;
					};
				};
			};
			buildConfigurationList = DA76DA4921C7EA5000D4CD12 /* Build configuration list for PBXProject "builder" */;
			compatibilityVersion = "Xcode 9.3";
			developmentRegion = en;
			hasScannedForEncodings = 0;
			knownRegions = (
				en,
			);
			mainGroup = DA76DA4521C7EA5000D4CD12;
			productRefGroup = DA76DA4F21C7EA5000D4CD12 /* Products */;
			projectDirPath = "";
			projectRoot = "";
			targets = (
				DA76DA4D21C7EA5000D4CD12 /* builder */,
			);
		};
/* End PBXProject section */

/* Begin PBXSourcesBuildPhase section */
		DA76DA4A21C7EA5000D4CD12 /* Sources */ = {
			isa = PBXSourcesBuildPhase;
			buildActionMask = 2147483647;
			files = (
				DA76DA5221C7EA5000D4CD12 /* main.m in Sources */,
				DA76DA5F21C8D12900D4CD12 /* PersonFatBuilder.m in Sources */,
				DA76DA6221C8D13D00D4CD12 /* PersonDirector.m in Sources */,
				DA76DA5C21C8D11D00D4CD12 /* PersonThinBuilder.m in Sources */,
			);
			runOnlyForDeploymentPostprocessing = 0;
		};
/* End PBXSourcesBuildPhase section */

/* Begin XCBuildConfiguration section */
		DA76DA5321C7EA5000D4CD12 /* Debug */ = {
			isa = XCBuildConfiguration;
			buildSettings = {
				ALWAYS_SEARCH_USER_PATHS = NO;
				CLANG_ANALYZER_NONNULL = YES;
				CLANG_ANALYZER_NUMBER_OBJECT_CONVERSION = YES_AGGRESSIVE;
				CLANG_CXX_LANGUAGE_STANDARD = "gnu++14";
				CLANG_CXX_LIBRARY = "libc++";
				CLANG_ENABLE_MODULES = YES;
				CLANG_ENABLE_OBJC_ARC = YES;
				CLANG_ENABLE_OBJC_WEAK = YES;
				CLANG_WARN_BLOCK_CAPTURE_AUTORELEASING = YES;
				CLANG_WARN_BOOL_CONVERSION = YES;
				CLANG_WARN_COMMA = YES;
				CLANG_WARN_CONSTANT_CONVERSION = YES;
				CLANG_WARN_DEPRECATED_OBJC_IMPLEMENTATIONS = YES;
				CLANG_WARN_DIRECT_OBJC_ISA_USAGE = YES_ERROR;
				CLANG_WARN_DOCUMENTATION_COMMENTS = YES;
				CLANG_WARN_EMPTY_BODY = YES;
				CLANG_WARN_ENUM_CONVERSION = YES;
				CLANG_WARN_INFINITE_RECURSION = YES;
				CLANG_WARN_INT_CONVERSION = YES;
				CLANG_WARN_NON_LITERAL_NULL_CONVERSION = YES;
				CLANG_WARN_OBJC_IMPLICIT_RETAIN_SELF = YES;
				CLANG_WARN_OBJC_LITERAL_CONVERSION = YES;
				CLANG_WARN_OBJC_ROOT_CLASS = YES_ERROR;
				CLANG_WARN_RANGE_LOOP_ANALYSIS = YES;
				CLANG_WARN_STRICT_PROTOTYPES = YES;
				CLANG_WARN_SUSPICIOUS_MOVE = YES;
				CLANG_WARN_UNGUARDED_AVAILABILITY = YES_AGGRESSIVE;
				CLANG_WARN_UNREACHABLE_CODE = YES;
				CLANG_WARN__DUPLICATE_METHOD_MATCH = YES;
				CODE_SIGN_IDENTITY = "Mac Developer";
				COPY_PHASE_STRIP = NO;
				DEBUG_INFORMATION_FORMAT = dwarf;
				ENABLE_STRICT_OBJC_MSGSEND = YES;
				ENABLE_TESTABILITY = YES;
				GCC_C_LANGUAGE_STANDARD = gnu11;
				GCC_DYNAMIC_NO_PIC = NO;
				GCC_NO_COMMON_BLOCKS = YES;
				GCC_OPTIMIZATION_LEVEL = 0;
				GCC_PREPROCESSOR_DEFINITIONS = (
					"DEBUG=1",
					"$(inherited)",
				);
				GCC_WARN_64_TO_32_BIT_CONVERSION = YES;
				GCC_WARN_ABOUT_RETURN_TYPE = YES_ERROR;
				GCC_WARN_UNDECLARED_SELECTOR = YES;
				GCC_WARN_UNINITIALIZED_AUTOS = YES_AGGRESSIVE;
				GCC_WARN_UNUSED_FUNCTION = YES;
				GCC_WARN_UNUSED_VARIABLE = YES;
				MACOSX_DEPLOYMENT_TARGET = 10.14;
				MTL_ENABLE_DEBUG_INFO = INCLUDE_SOURCE;
				MTL_FAST_MATH = YES;
				ONLY_ACTIVE_ARCH = YES;
				SDKROOT = macosx;
			};
			name = Debug;
		};
		DA76DA5421C7EA5000D4CD12 /* Release */ = {
			isa = XCBuildConfiguration;
			buildSettings = {
				ALWAYS_SEARCH_USER_PATHS = NO;
				CLANG_ANALYZER_NONNULL = YES;
				CLANG_ANALYZER_NUMBER_OBJECT_CONVERSION = YES_AGGRESSIVE;
				CLANG_CXX_LANGUAGE_STANDARD = "gnu++14";
				CLANG_CXX_LIBRARY = "libc++";
				CLANG_ENABLE_MODULES = YES;
				CLANG_ENABLE_OBJC_ARC = YES;
				CLANG_ENABLE_OBJC_WEAK = YES;
				CLANG_WARN_BLOCK_CAPTURE_AUTORELEASING = YES;
				CLANG_WARN_BOOL_CONVERSION = YES;
				CLANG_WARN_COMMA = YES;
				CLANG_WARN_CONSTANT_CONVERSION = YES;
				CLANG_WARN_DEPRECATED_OBJC_IMPLEMENTATIONS = YES;
				CLANG_WARN_DIRECT_OBJC_ISA_USAGE = YES_ERROR;
				CLANG_WARN_DOCUMENTATION_COMMENTS = YES;
				CLANG_WARN_EMPTY_BODY = YES;
				CLANG_WARN_ENUM_CONVERSION = YES;
				CLANG_WARN_INFINITE_RECURSION = YES;
				CLANG_WARN_INT_CONVERSION = YES;
				CLANG_WARN_NON_LITERAL_NULL_CONVERSION = YES;
				CLANG_WARN_OBJC_IMPLICIT_RETAIN_SELF = YES;
				CLANG_WARN_OBJC_LITERAL_CONVERSION = YES;
				CLANG_WARN_OBJC_ROOT_CLASS = YES_ERROR;
				CLANG_WARN_RANGE_LOOP_ANALYSIS = YES;
				CLANG_WARN_STRICT_PROTOTYPES = YES;
				CLANG_WARN_SUSPICIOUS_MOVE = YES;
				CLANG_WARN_UNGUARDED_AVAILABILITY = YES_AGGRESSIVE;
				CLANG_WARN_UNREACHABLE_CODE = YES;
				CLANG_WARN__DUPLICATE_METHOD_MATCH = YES;
				CODE_SIGN_IDENTITY = "Mac Developer";
				COPY_PHASE_STRIP = NO;
				DEBUG_INFORMATION_FORMAT = "dwarf-with-dsym";
				ENABLE_NS_ASSERTIONS = NO;
				ENABLE_STRICT_OBJC_MSGSEND = YES;
				GCC_C_LANGUAGE_STANDARD = gnu11;
				GCC_NO_COMMON_BLOCKS = YES;
				GCC_WARN_64_TO_32_BIT_CONVERSION = YES;
				GCC_WARN_ABOUT_RETURN_TYPE = YES_ERROR;
				GCC_WARN_UNDECLARED_SELECTOR = YES;
				GCC_WARN_UNINITIALIZED_AUTOS = YES_AGGRESSIVE;
				GCC_WARN_UNUSED_FUNCTION = YES;
				GCC_WARN_UNUSED_VARIABLE = YES;
				MACOSX_DEPLOYMENT_TARGET = 10.14;
				MTL_ENABLE_DEBUG_INFO = NO;
				MTL_FAST_MATH = YES;
				SDKROOT = macosx;
			};
			name = Release;
		};
		DA76DA5621C7EA5000D4CD12 /* Debug */ = {
			isa = XCBuildConfiguration;
			buildSettings = {
				CODE_SIGN_STYLE = Automatic;
				DEVELOPMENT_TEAM = 7465LVKW35;
				PRODUCT_NAME = "$(TARGET_NAME)";
			};
			name = Debug;
		};
		DA76DA5721C7EA5000D4CD12 /* Release */ = {
			isa = XCBuildConfiguration;
			buildSettings = {
				CODE_SIGN_STYLE = Automatic;
				DEVELOPMENT_TEAM = 7465LVKW35;
				PRODUCT_NAME = "$(TARGET_NAME)";
			};
			name = Release;
		};
/* End XCBuildConfiguration section */

/* Begin XCConfigurationList section */
		DA76DA4921C7EA5000D4CD12 /* Build configuration list for PBXProject "builder" */ = {
			isa = XCConfigurationList;
			buildConfigurations = (
				DA76DA5321C7EA5000D4CD12 /* Debug */,
				DA76DA5421C7EA5000D4CD12 /* Release */,
			);
			defaultConfigurationIsVisible = 0;
			defaultConfigurationName = Release;
		};
		DA76DA5521C7EA5000D4CD12 /* Build configuration list for PBXNativeTarget "builder" */ = {
			isa = XCConfigurationList;
			buildConfigurations = (
				DA76DA5621C7EA5000D4CD12 /* Debug */,
				DA76DA5721C7EA5000D4CD12 /* Release */,
			);
			defaultConfigurationIsVisible = 0;
			defaultConfigurationName = Release;
		};
/* End XCConfigurationList section */
	};
	rootObject = DA76DA4621C7EA5000D4CD12 /* Project object */;
}
