// !$*UTF8*$!
{
	archiveVersion = 1;
	classes = {
	};
	objectVersion = 50;
	objects = {

/* Begin PBXBuildFile section */
		DA05411C221AD6DC004519F5 /* StaticList.c in Sources */ = {isa = PBXBuildFile; fileRef = DA05411B221AD6DC004519F5 /* StaticList.c */; };
		DA48D10821EE11D6006A240B /* main.c in Sources */ = {isa = PBXBuildFile; fileRef = DA48D10721EE11D6006A240B /* main.c */; };
		DA48D11021EE193A006A240B /* SqList.c in Sources */ = {isa = PBXBuildFile; fileRef = DA48D10F21EE193A006A240B /* SqList.c */; };
		DA67B4AF21EF7AFA002D3947 /* LinkList.c in Sources */ = {isa = PBXBuildFile; fileRef = DA67B4AE21EF7AFA002D3947 /* LinkList.c */; };
/* End PBXBuildFile section */

/* Begin PBXCopyFilesBuildPhase section */
		DA48D10221EE11D6006A240B /* CopyFiles */ = {
			isa = PBXCopyFilesBuildPhase;
			buildActionMask = 2147483647;
			dstPath = /usr/share/man/man1/;
			dstSubfolderSpec = 0;
			files = (
			);
			runOnlyForDeploymentPostprocessing = 1;
		};
/* End PBXCopyFilesBuildPhase section */

/* Begin PBXFileReference section */
		DA05411A221AD6DC004519F5 /* StaticList.h */ = {isa = PBXFileReference; lastKnownFileType = sourcecode.c.h; path = StaticList.h; sourceTree = "<group>"; };
		DA05411B221AD6DC004519F5 /* StaticList.c */ = {isa = PBXFileReference; lastKnownFileType = sourcecode.c.c; path = StaticList.c; sourceTree = "<group>"; };
		DA48D10421EE11D6006A240B /* list */ = {isa = PBXFileReference; explicitFileType = "compiled.mach-o.executable"; includeInIndex = 0; path = list; sourceTree = BUILT_PRODUCTS_DIR; };
		DA48D10721EE11D6006A240B /* main.c */ = {isa = PBXFileReference; lastKnownFileType = sourcecode.c.c; path = main.c; sourceTree = "<group>"; };
		DA48D10E21EE193A006A240B /* SqList.h */ = {isa = PBXFileReference; lastKnownFileType = sourcecode.c.h; path = SqList.h; sourceTree = "<group>"; };
		DA48D10F21EE193A006A240B /* SqList.c */ = {isa = PBXFileReference; lastKnownFileType = sourcecode.c.c; path = SqList.c; sourceTree = "<group>"; };
		DA67B4AB21EF75A4002D3947 /* List.h */ = {isa = PBXFileReference; lastKnownFileType = sourcecode.c.h; path = List.h; sourceTree = "<group>"; };
		DA67B4AD21EF7AFA002D3947 /* LinkList.h */ = {isa = PBXFileReference; lastKnownFileType = sourcecode.c.h; path = LinkList.h; sourceTree = "<group>"; };
		DA67B4AE21EF7AFA002D3947 /* LinkList.c */ = {isa = PBXFileReference; lastKnownFileType = sourcecode.c.c; path = LinkList.c; sourceTree = "<group>"; };
/* End PBXFileReference section */

/* Begin PBXFrameworksBuildPhase section */
		DA48D10121EE11D6006A240B /* Frameworks */ = {
			isa = PBXFrameworksBuildPhase;
			buildActionMask = 2147483647;
			files = (
			);
			runOnlyForDeploymentPostprocessing = 0;
		};
/* End PBXFrameworksBuildPhase section */

/* Begin PBXGroup section */
		DA054119221AD6BC004519F5 /* staticList */ = {
			isa = PBXGroup;
			children = (
				DA05411A221AD6DC004519F5 /* StaticList.h */,
				DA05411B221AD6DC004519F5 /* StaticList.c */,
			);
			path = staticList;
			sourceTree = "<group>";
		};
		DA48D0FB21EE11D6006A240B = {
			isa = PBXGroup;
			children = (
				DA48D10621EE11D6006A240B /* list */,
				DA48D10521EE11D6006A240B /* Products */,
			);
			sourceTree = "<group>";
		};
		DA48D10521EE11D6006A240B /* Products */ = {
			isa = PBXGroup;
			children = (
				DA48D10421EE11D6006A240B /* list */,
			);
			name = Products;
			sourceTree = "<group>";
		};
		DA48D10621EE11D6006A240B /* list */ = {
			isa = PBXGroup;
			children = (
				DA67B4AB21EF75A4002D3947 /* List.h */,
				DA48D11121EE1956006A240B /* sqList */,
				DA67B4AC21EF7AEE002D3947 /* linkList */,
				DA054119221AD6BC004519F5 /* staticList */,
				DA48D10721EE11D6006A240B /* main.c */,
			);
			path = list;
			sourceTree = "<group>";
		};
		DA48D11121EE1956006A240B /* sqList */ = {
			isa = PBXGroup;
			children = (
				DA48D10E21EE193A006A240B /* SqList.h */,
				DA48D10F21EE193A006A240B /* SqList.c */,
			);
			path = sqList;
			sourceTree = "<group>";
		};
		DA67B4AC21EF7AEE002D3947 /* linkList */ = {
			isa = PBXGroup;
			children = (
				DA67B4AD21EF7AFA002D3947 /* LinkList.h */,
				DA67B4AE21EF7AFA002D3947 /* LinkList.c */,
			);
			path = linkList;
			sourceTree = "<group>";
		};
/* End PBXGroup section */

/* Begin PBXNativeTarget section */
		DA48D10321EE11D6006A240B /* list */ = {
			isa = PBXNativeTarget;
			buildConfigurationList = DA48D10B21EE11D6006A240B /* Build configuration list for PBXNativeTarget "list" */;
			buildPhases = (
				DA48D10021EE11D6006A240B /* Sources */,
				DA48D10121EE11D6006A240B /* Frameworks */,
				DA48D10221EE11D6006A240B /* CopyFiles */,
			);
			buildRules = (
			);
			dependencies = (
			);
			name = list;
			productName = list;
			productReference = DA48D10421EE11D6006A240B /* list */;
			productType = "com.apple.product-type.tool";
		};
/* End PBXNativeTarget section */

/* Begin PBXProject section */
		DA48D0FC21EE11D6006A240B /* Project object */ = {
			isa = PBXProject;
			attributes = {
				LastUpgradeCheck = 1010;
				ORGANIZATIONNAME = "王俊";
				TargetAttributes = {
					DA48D10321EE11D6006A240B = {
						CreatedOnToolsVersion = 10.1;
					};
				};
			};
			buildConfigurationList = DA48D0FF21EE11D6006A240B /* Build configuration list for PBXProject "list" */;
			compatibilityVersion = "Xcode 9.3";
			developmentRegion = en;
			hasScannedForEncodings = 0;
			knownRegions = (
				en,
			);
			mainGroup = DA48D0FB21EE11D6006A240B;
			productRefGroup = DA48D10521EE11D6006A240B /* Products */;
			projectDirPath = "";
			projectRoot = "";
			targets = (
				DA48D10321EE11D6006A240B /* list */,
			);
		};
/* End PBXProject section */

/* Begin PBXSourcesBuildPhase section */
		DA48D10021EE11D6006A240B /* Sources */ = {
			isa = PBXSourcesBuildPhase;
			buildActionMask = 2147483647;
			files = (
				DA48D10821EE11D6006A240B /* main.c in Sources */,
				DA05411C221AD6DC004519F5 /* StaticList.c in Sources */,
				DA67B4AF21EF7AFA002D3947 /* LinkList.c in Sources */,
				DA48D11021EE193A006A240B /* SqList.c in Sources */,
			);
			runOnlyForDeploymentPostprocessing = 0;
		};
/* End PBXSourcesBuildPhase section */

/* Begin XCBuildConfiguration section */
		DA48D10921EE11D6006A240B /* Debug */ = {
			isa = XCBuildConfiguration;
			buildSettings = {
				ALWAYS_SEARCH_USER_PATHS = NO;
				CLANG_ANALYZER_NONNULL = YES;
				CLANG_ANALYZER_NUMBER_OBJECT_CONVERSION = YES_AGGRESSIVE;
				CLANG_CXX_LANGUAGE_STANDARD = "gnu++14";
				CLANG_CXX_LIBRARY = "libc++";
				CLANG_ENABLE_MODULES = YES;
				CLANG_ENABLE_OBJC_ARC = YES;
				CLANG_ENABLE_OBJC_WEAK = YES;
				CLANG_WARN_BLOCK_CAPTURE_AUTORELEASING = YES;
				CLANG_WARN_BOOL_CONVERSION = YES;
				CLANG_WARN_COMMA = YES;
				CLANG_WARN_CONSTANT_CONVERSION = YES;
				CLANG_WARN_DEPRECATED_OBJC_IMPLEMENTATIONS = YES;
				CLANG_WARN_DIRECT_OBJC_ISA_USAGE = YES_ERROR;
				CLANG_WARN_DOCUMENTATION_COMMENTS = YES;
				CLANG_WARN_EMPTY_BODY = YES;
				CLANG_WARN_ENUM_CONVERSION = YES;
				CLANG_WARN_INFINITE_RECURSION = YES;
				CLANG_WARN_INT_CONVERSION = YES;
				CLANG_WARN_NON_LITERAL_NULL_CONVERSION = YES;
				CLANG_WARN_OBJC_IMPLICIT_RETAIN_SELF = YES;
				CLANG_WARN_OBJC_LITERAL_CONVERSION = YES;
				CLANG_WARN_OBJC_ROOT_CLASS = YES_ERROR;
				CLANG_WARN_RANGE_LOOP_ANALYSIS = YES;
				CLANG_WARN_STRICT_PROTOTYPES = YES;
				CLANG_WARN_SUSPICIOUS_MOVE = YES;
				CLANG_WARN_UNGUARDED_AVAILABILITY = YES_AGGRESSIVE;
				CLANG_WARN_UNREACHABLE_CODE = YES;
				CLANG_WARN__DUPLICATE_METHOD_MATCH = YES;
				CODE_SIGN_IDENTITY = "Mac Developer";
				COPY_PHASE_STRIP = NO;
				DEBUG_INFORMATION_FORMAT = dwarf;
				ENABLE_STRICT_OBJC_MSGSEND = YES;
				ENABLE_TESTABILITY = YES;
				GCC_C_LANGUAGE_STANDARD = gnu11;
				GCC_DYNAMIC_NO_PIC = NO;
				GCC_NO_COMMON_BLOCKS = YES;
				GCC_OPTIMIZATION_LEVEL = 0;
				GCC_PREPROCESSOR_DEFINITIONS = (
					"DEBUG=1",
					"$(inherited)",
				);
				GCC_WARN_64_TO_32_BIT_CONVERSION = YES;
				GCC_WARN_ABOUT_RETURN_TYPE = YES_ERROR;
				GCC_WARN_UNDECLARED_SELECTOR = YES;
				GCC_WARN_UNINITIALIZED_AUTOS = YES_AGGRESSIVE;
				GCC_WARN_UNUSED_FUNCTION = YES;
				GCC_WARN_UNUSED_VARIABLE = YES;
				MACOSX_DEPLOYMENT_TARGET = 10.14;
				MTL_ENABLE_DEBUG_INFO = INCLUDE_SOURCE;
				MTL_FAST_MATH = YES;
				ONLY_ACTIVE_ARCH = YES;
				SDKROOT = macosx;
			};
			name = Debug;
		};
		DA48D10A21EE11D6006A240B /* Release */ = {
			isa = XCBuildConfiguration;
			buildSettings = {
				ALWAYS_SEARCH_USER_PATHS = NO;
				CLANG_ANALYZER_NONNULL = YES;
				CLANG_ANALYZER_NUMBER_OBJECT_CONVERSION = YES_AGGRESSIVE;
				CLANG_CXX_LANGUAGE_STANDARD = "gnu++14";
				CLANG_CXX_LIBRARY = "libc++";
				CLANG_ENABLE_MODULES = YES;
				CLANG_ENABLE_OBJC_ARC = YES;
				CLANG_ENABLE_OBJC_WEAK = YES;
				CLANG_WARN_BLOCK_CAPTURE_AUTORELEASING = YES;
				CLANG_WARN_BOOL_CONVERSION = YES;
				CLANG_WARN_COMMA = YES;
				CLANG_WARN_CONSTANT_CONVERSION = YES;
				CLANG_WARN_DEPRECATED_OBJC_IMPLEMENTATIONS = YES;
				CLANG_WARN_DIRECT_OBJC_ISA_USAGE = YES_ERROR;
				CLANG_WARN_DOCUMENTATION_COMMENTS = YES;
				CLANG_WARN_EMPTY_BODY = YES;
				CLANG_WARN_ENUM_CONVERSION = YES;
				CLANG_WARN_INFINITE_RECURSION = YES;
				CLANG_WARN_INT_CONVERSION = YES;
				CLANG_WARN_NON_LITERAL_NULL_CONVERSION = YES;
				CLANG_WARN_OBJC_IMPLICIT_RETAIN_SELF = YES;
				CLANG_WARN_OBJC_LITERAL_CONVERSION = YES;
				CLANG_WARN_OBJC_ROOT_CLASS = YES_ERROR;
				CLANG_WARN_RANGE_LOOP_ANALYSIS = YES;
				CLANG_WARN_STRICT_PROTOTYPES = YES;
				CLANG_WARN_SUSPICIOUS_MOVE = YES;
				CLANG_WARN_UNGUARDED_AVAILABILITY = YES_AGGRESSIVE;
				CLANG_WARN_UNREACHABLE_CODE = YES;
				CLANG_WARN__DUPLICATE_METHOD_MATCH = YES;
				CODE_SIGN_IDENTITY = "Mac Developer";
				COPY_PHASE_STRIP = NO;
				DEBUG_INFORMATION_FORMAT = "dwarf-with-dsym";
				ENABLE_NS_ASSERTIONS = NO;
				ENABLE_STRICT_OBJC_MSGSEND = YES;
				GCC_C_LANGUAGE_STANDARD = gnu11;
				GCC_NO_COMMON_BLOCKS = YES;
				GCC_WARN_64_TO_32_BIT_CONVERSION = YES;
				GCC_WARN_ABOUT_RETURN_TYPE = YES_ERROR;
				GCC_WARN_UNDECLARED_SELECTOR = YES;
				GCC_WARN_UNINITIALIZED_AUTOS = YES_AGGRESSIVE;
				GCC_WARN_UNUSED_FUNCTION = YES;
				GCC_WARN_UNUSED_VARIABLE = YES;
				MACOSX_DEPLOYMENT_TARGET = 10.14;
				MTL_ENABLE_DEBUG_INFO = NO;
				MTL_FAST_MATH = YES;
				SDKROOT = macosx;
			};
			name = Release;
		};
		DA48D10C21EE11D6006A240B /* Debug */ = {
			isa = XCBuildConfiguration;
			buildSettings = {
				CODE_SIGN_STYLE = Automatic;
				DEVELOPMENT_TEAM = 7465LVKW35;
				PRODUCT_NAME = "$(TARGET_NAME)";
			};
			name = Debug;
		};
		DA48D10D21EE11D6006A240B /* Release */ = {
			isa = XCBuildConfiguration;
			buildSettings = {
				CODE_SIGN_STYLE = Automatic;
				DEVELOPMENT_TEAM = 7465LVKW35;
				PRODUCT_NAME = "$(TARGET_NAME)";
			};
			name = Release;
		};
/* End XCBuildConfiguration section */

/* Begin XCConfigurationList section */
		DA48D0FF21EE11D6006A240B /* Build configuration list for PBXProject "list" */ = {
			isa = XCConfigurationList;
			buildConfigurations = (
				DA48D10921EE11D6006A240B /* Debug */,
				DA48D10A21EE11D6006A240B /* Release */,
			);
			defaultConfigurationIsVisible = 0;
			defaultConfigurationName = Release;
		};
		DA48D10B21EE11D6006A240B /* Build configuration list for PBXNativeTarget "list" */ = {
			isa = XCConfigurationList;
			buildConfigurations = (
				DA48D10C21EE11D6006A240B /* Debug */,
				DA48D10D21EE11D6006A240B /* Release */,
			);
			defaultConfigurationIsVisible = 0;
			defaultConfigurationName = Release;
		};
/* End XCConfigurationList section */
	};
	rootObject = DA48D0FC21EE11D6006A240B /* Project object */;
}
