// !$*UTF8*$!
{
	archiveVersion = 1;
	classes = {
	};
	objectVersion = 50;
	objects = {

/* Begin PBXBuildFile section */
		DAA53E4B21E5EC7F00C6611F /* main.m in Sources */ = {isa = PBXBuildFile; fileRef = DAA53E4A21E5EC7F00C6611F /* main.m */; };
		DAA53E5621E5EDA400C6611F /* USA.m in Sources */ = {isa = PBXBuildFile; fileRef = DAA53E5521E5EDA400C6611F /* USA.m */; };
		DAA53E5921E5EE7500C6611F /* Iraq.m in Sources */ = {isa = PBXBuildFile; fileRef = DAA53E5821E5EE7500C6611F /* Iraq.m */; };
		DAA53E5C21E5EF2900C6611F /* UNSecurityCouncli.m in Sources */ = {isa = PBXBuildFile; fileRef = DAA53E5B21E5EF2900C6611F /* UNSecurityCouncli.m */; };
/* End PBXBuildFile section */

/* Begin PBXCopyFilesBuildPhase section */
		DAA53E4521E5EC7F00C6611F /* CopyFiles */ = {
			isa = PBXCopyFilesBuildPhase;
			buildActionMask = 2147483647;
			dstPath = /usr/share/man/man1/;
			dstSubfolderSpec = 0;
			files = (
			);
			runOnlyForDeploymentPostprocessing = 1;
		};
/* End PBXCopyFilesBuildPhase section */

/* Begin PBXFileReference section */
		DAA53E4721E5EC7F00C6611F /* mediator */ = {isa = PBXFileReference; explicitFileType = "compiled.mach-o.executable"; includeInIndex = 0; path = mediator; sourceTree = BUILT_PRODUCTS_DIR; };
		DAA53E4A21E5EC7F00C6611F /* main.m */ = {isa = PBXFileReference; lastKnownFileType = sourcecode.c.objc; path = main.m; sourceTree = "<group>"; };
		DAA53E5221E5ECBE00C6611F /* UnitedNations.h */ = {isa = PBXFileReference; lastKnownFileType = sourcecode.c.h; path = UnitedNations.h; sourceTree = "<group>"; };
		DAA53E5321E5ED0C00C6611F /* Country.h */ = {isa = PBXFileReference; lastKnownFileType = sourcecode.c.h; path = Country.h; sourceTree = "<group>"; };
		DAA53E5421E5EDA400C6611F /* USA.h */ = {isa = PBXFileReference; lastKnownFileType = sourcecode.c.h; path = USA.h; sourceTree = "<group>"; };
		DAA53E5521E5EDA400C6611F /* USA.m */ = {isa = PBXFileReference; lastKnownFileType = sourcecode.c.objc; path = USA.m; sourceTree = "<group>"; };
		DAA53E5721E5EE7500C6611F /* Iraq.h */ = {isa = PBXFileReference; lastKnownFileType = sourcecode.c.h; path = Iraq.h; sourceTree = "<group>"; };
		DAA53E5821E5EE7500C6611F /* Iraq.m */ = {isa = PBXFileReference; lastKnownFileType = sourcecode.c.objc; path = Iraq.m; sourceTree = "<group>"; };
		DAA53E5A21E5EF2900C6611F /* UNSecurityCouncli.h */ = {isa = PBXFileReference; lastKnownFileType = sourcecode.c.h; path = UNSecurityCouncli.h; sourceTree = "<group>"; };
		DAA53E5B21E5EF2900C6611F /* UNSecurityCouncli.m */ = {isa = PBXFileReference; lastKnownFileType = sourcecode.c.objc; path = UNSecurityCouncli.m; sourceTree = "<group>"; };
/* End PBXFileReference section */

/* Begin PBXFrameworksBuildPhase section */
		DAA53E4421E5EC7F00C6611F /* Frameworks */ = {
			isa = PBXFrameworksBuildPhase;
			buildActionMask = 2147483647;
			files = (
			);
			runOnlyForDeploymentPostprocessing = 0;
		};
/* End PBXFrameworksBuildPhase section */

/* Begin PBXGroup section */
		DAA53E3E21E5EC7F00C6611F = {
			isa = PBXGroup;
			children = (
				DAA53E4921E5EC7F00C6611F /* mediator */,
				DAA53E4821E5EC7F00C6611F /* Products */,
			);
			sourceTree = "<group>";
		};
		DAA53E4821E5EC7F00C6611F /* Products */ = {
			isa = PBXGroup;
			children = (
				DAA53E4721E5EC7F00C6611F /* mediator */,
			);
			name = Products;
			sourceTree = "<group>";
		};
		DAA53E4921E5EC7F00C6611F /* mediator */ = {
			isa = PBXGroup;
			children = (
				DAA53E5121E5EC9100C6611F /* mediator */,
				DAA53E4A21E5EC7F00C6611F /* main.m */,
			);
			path = mediator;
			sourceTree = "<group>";
		};
		DAA53E5121E5EC9100C6611F /* mediator */ = {
			isa = PBXGroup;
			children = (
				DAA53E5321E5ED0C00C6611F /* Country.h */,
				DAA53E5221E5ECBE00C6611F /* UnitedNations.h */,
				DAA53E5421E5EDA400C6611F /* USA.h */,
				DAA53E5521E5EDA400C6611F /* USA.m */,
				DAA53E5721E5EE7500C6611F /* Iraq.h */,
				DAA53E5821E5EE7500C6611F /* Iraq.m */,
				DAA53E5A21E5EF2900C6611F /* UNSecurityCouncli.h */,
				DAA53E5B21E5EF2900C6611F /* UNSecurityCouncli.m */,
			);
			path = mediator;
			sourceTree = "<group>";
		};
/* End PBXGroup section */

/* Begin PBXNativeTarget section */
		DAA53E4621E5EC7F00C6611F /* mediator */ = {
			isa = PBXNativeTarget;
			buildConfigurationList = DAA53E4E21E5EC7F00C6611F /* Build configuration list for PBXNativeTarget "mediator" */;
			buildPhases = (
				DAA53E4321E5EC7F00C6611F /* Sources */,
				DAA53E4421E5EC7F00C6611F /* Frameworks */,
				DAA53E4521E5EC7F00C6611F /* CopyFiles */,
			);
			buildRules = (
			);
			dependencies = (
			);
			name = mediator;
			productName = mediator;
			productReference = DAA53E4721E5EC7F00C6611F /* mediator */;
			productType = "com.apple.product-type.tool";
		};
/* End PBXNativeTarget section */

/* Begin PBXProject section */
		DAA53E3F21E5EC7F00C6611F /* Project object */ = {
			isa = PBXProject;
			attributes = {
				LastUpgradeCheck = 1010;
				ORGANIZATIONNAME = "王俊";
				TargetAttributes = {
					DAA53E4621E5EC7F00C6611F = {
						CreatedOnToolsVersion = 10.1;
					};
				};
			};
			buildConfigurationList = DAA53E4221E5EC7F00C6611F /* Build configuration list for PBXProject "mediator" */;
			compatibilityVersion = "Xcode 9.3";
			developmentRegion = en;
			hasScannedForEncodings = 0;
			knownRegions = (
				en,
			);
			mainGroup = DAA53E3E21E5EC7F00C6611F;
			productRefGroup = DAA53E4821E5EC7F00C6611F /* Products */;
			projectDirPath = "";
			projectRoot = "";
			targets = (
				DAA53E4621E5EC7F00C6611F /* mediator */,
			);
		};
/* End PBXProject section */

/* Begin PBXSourcesBuildPhase section */
		DAA53E4321E5EC7F00C6611F /* Sources */ = {
			isa = PBXSourcesBuildPhase;
			buildActionMask = 2147483647;
			files = (
				DAA53E5921E5EE7500C6611F /* Iraq.m in Sources */,
				DAA53E4B21E5EC7F00C6611F /* main.m in Sources */,
				DAA53E5C21E5EF2900C6611F /* UNSecurityCouncli.m in Sources */,
				DAA53E5621E5EDA400C6611F /* USA.m in Sources */,
			);
			runOnlyForDeploymentPostprocessing = 0;
		};
/* End PBXSourcesBuildPhase section */

/* Begin XCBuildConfiguration section */
		DAA53E4C21E5EC7F00C6611F /* Debug */ = {
			isa = XCBuildConfiguration;
			buildSettings = {
				ALWAYS_SEARCH_USER_PATHS = NO;
				CLANG_ANALYZER_NONNULL = YES;
				CLANG_ANALYZER_NUMBER_OBJECT_CONVERSION = YES_AGGRESSIVE;
				CLANG_CXX_LANGUAGE_STANDARD = "gnu++14";
				CLANG_CXX_LIBRARY = "libc++";
				CLANG_ENABLE_MODULES = YES;
				CLANG_ENABLE_OBJC_ARC = YES;
				CLANG_ENABLE_OBJC_WEAK = YES;
				CLANG_WARN_BLOCK_CAPTURE_AUTORELEASING = YES;
				CLANG_WARN_BOOL_CONVERSION = YES;
				CLANG_WARN_COMMA = YES;
				CLANG_WARN_CONSTANT_CONVERSION = YES;
				CLANG_WARN_DEPRECATED_OBJC_IMPLEMENTATIONS = YES;
				CLANG_WARN_DIRECT_OBJC_ISA_USAGE = YES_ERROR;
				CLANG_WARN_DOCUMENTATION_COMMENTS = YES;
				CLANG_WARN_EMPTY_BODY = YES;
				CLANG_WARN_ENUM_CONVERSION = YES;
				CLANG_WARN_INFINITE_RECURSION = YES;
				CLANG_WARN_INT_CONVERSION = YES;
				CLANG_WARN_NON_LITERAL_NULL_CONVERSION = YES;
				CLANG_WARN_OBJC_IMPLICIT_RETAIN_SELF = YES;
				CLANG_WARN_OBJC_LITERAL_CONVERSION = YES;
				CLANG_WARN_OBJC_ROOT_CLASS = YES_ERROR;
				CLANG_WARN_RANGE_LOOP_ANALYSIS = YES;
				CLANG_WARN_STRICT_PROTOTYPES = YES;
				CLANG_WARN_SUSPICIOUS_MOVE = YES;
				CLANG_WARN_UNGUARDED_AVAILABILITY = YES_AGGRESSIVE;
				CLANG_WARN_UNREACHABLE_CODE = YES;
				CLANG_WARN__DUPLICATE_METHOD_MATCH = YES;
				CODE_SIGN_IDENTITY = "Mac Developer";
				COPY_PHASE_STRIP = NO;
				DEBUG_INFORMATION_FORMAT = dwarf;
				ENABLE_STRICT_OBJC_MSGSEND = YES;
				ENABLE_TESTABILITY = YES;
				GCC_C_LANGUAGE_STANDARD = gnu11;
				GCC_DYNAMIC_NO_PIC = NO;
				GCC_NO_COMMON_BLOCKS = YES;
				GCC_OPTIMIZATION_LEVEL = 0;
				GCC_PREPROCESSOR_DEFINITIONS = (
					"DEBUG=1",
					"$(inherited)",
				);
				GCC_WARN_64_TO_32_BIT_CONVERSION = YES;
				GCC_WARN_ABOUT_RETURN_TYPE = YES_ERROR;
				GCC_WARN_UNDECLARED_SELECTOR = YES;
				GCC_WARN_UNINITIALIZED_AUTOS = YES_AGGRESSIVE;
				GCC_WARN_UNUSED_FUNCTION = YES;
				GCC_WARN_UNUSED_VARIABLE = YES;
				MACOSX_DEPLOYMENT_TARGET = 10.14;
				MTL_ENABLE_DEBUG_INFO = INCLUDE_SOURCE;
				MTL_FAST_MATH = YES;
				ONLY_ACTIVE_ARCH = YES;
				SDKROOT = macosx;
			};
			name = Debug;
		};
		DAA53E4D21E5EC7F00C6611F /* Release */ = {
			isa = XCBuildConfiguration;
			buildSettings = {
				ALWAYS_SEARCH_USER_PATHS = NO;
				CLANG_ANALYZER_NONNULL = YES;
				CLANG_ANALYZER_NUMBER_OBJECT_CONVERSION = YES_AGGRESSIVE;
				CLANG_CXX_LANGUAGE_STANDARD = "gnu++14";
				CLANG_CXX_LIBRARY = "libc++";
				CLANG_ENABLE_MODULES = YES;
				CLANG_ENABLE_OBJC_ARC = YES;
				CLANG_ENABLE_OBJC_WEAK = YES;
				CLANG_WARN_BLOCK_CAPTURE_AUTORELEASING = YES;
				CLANG_WARN_BOOL_CONVERSION = YES;
				CLANG_WARN_COMMA = YES;
				CLANG_WARN_CONSTANT_CONVERSION = YES;
				CLANG_WARN_DEPRECATED_OBJC_IMPLEMENTATIONS = YES;
				CLANG_WARN_DIRECT_OBJC_ISA_USAGE = YES_ERROR;
				CLANG_WARN_DOCUMENTATION_COMMENTS = YES;
				CLANG_WARN_EMPTY_BODY = YES;
				CLANG_WARN_ENUM_CONVERSION = YES;
				CLANG_WARN_INFINITE_RECURSION = YES;
				CLANG_WARN_INT_CONVERSION = YES;
				CLANG_WARN_NON_LITERAL_NULL_CONVERSION = YES;
				CLANG_WARN_OBJC_IMPLICIT_RETAIN_SELF = YES;
				CLANG_WARN_OBJC_LITERAL_CONVERSION = YES;
				CLANG_WARN_OBJC_ROOT_CLASS = YES_ERROR;
				CLANG_WARN_RANGE_LOOP_ANALYSIS = YES;
				CLANG_WARN_STRICT_PROTOTYPES = YES;
				CLANG_WARN_SUSPICIOUS_MOVE = YES;
				CLANG_WARN_UNGUARDED_AVAILABILITY = YES_AGGRESSIVE;
				CLANG_WARN_UNREACHABLE_CODE = YES;
				CLANG_WARN__DUPLICATE_METHOD_MATCH = YES;
				CODE_SIGN_IDENTITY = "Mac Developer";
				COPY_PHASE_STRIP = NO;
				DEBUG_INFORMATION_FORMAT = "dwarf-with-dsym";
				ENABLE_NS_ASSERTIONS = NO;
				ENABLE_STRICT_OBJC_MSGSEND = YES;
				GCC_C_LANGUAGE_STANDARD = gnu11;
				GCC_NO_COMMON_BLOCKS = YES;
				GCC_WARN_64_TO_32_BIT_CONVERSION = YES;
				GCC_WARN_ABOUT_RETURN_TYPE = YES_ERROR;
				GCC_WARN_UNDECLARED_SELECTOR = YES;
				GCC_WARN_UNINITIALIZED_AUTOS = YES_AGGRESSIVE;
				GCC_WARN_UNUSED_FUNCTION = YES;
				GCC_WARN_UNUSED_VARIABLE = YES;
				MACOSX_DEPLOYMENT_TARGET = 10.14;
				MTL_ENABLE_DEBUG_INFO = NO;
				MTL_FAST_MATH = YES;
				SDKROOT = macosx;
			};
			name = Release;
		};
		DAA53E4F21E5EC7F00C6611F /* Debug */ = {
			isa = XCBuildConfiguration;
			buildSettings = {
				CODE_SIGN_STYLE = Automatic;
				DEVELOPMENT_TEAM = 7465LVKW35;
				PRODUCT_NAME = "$(TARGET_NAME)";
			};
			name = Debug;
		};
		DAA53E5021E5EC7F00C6611F /* Release */ = {
			isa = XCBuildConfiguration;
			buildSettings = {
				CODE_SIGN_STYLE = Automatic;
				DEVELOPMENT_TEAM = 7465LVKW35;
				PRODUCT_NAME = "$(TARGET_NAME)";
			};
			name = Release;
		};
/* End XCBuildConfiguration section */

/* Begin XCConfigurationList section */
		DAA53E4221E5EC7F00C6611F /* Build configuration list for PBXProject "mediator" */ = {
			isa = XCConfigurationList;
			buildConfigurations = (
				DAA53E4C21E5EC7F00C6611F /* Debug */,
				DAA53E4D21E5EC7F00C6611F /* Release */,
			);
			defaultConfigurationIsVisible = 0;
			defaultConfigurationName = Release;
		};
		DAA53E4E21E5EC7F00C6611F /* Build configuration list for PBXNativeTarget "mediator" */ = {
			isa = XCConfigurationList;
			buildConfigurations = (
				DAA53E4F21E5EC7F00C6611F /* Debug */,
				DAA53E5021E5EC7F00C6611F /* Release */,
			);
			defaultConfigurationIsVisible = 0;
			defaultConfigurationName = Release;
		};
/* End XCConfigurationList section */
	};
	rootObject = DAA53E3F21E5EC7F00C6611F /* Project object */;
}
