// !$*UTF8*$!
{
	archiveVersion = 1;
	classes = {
	};
	objectVersion = 50;
	objects = {

/* Begin PBXBuildFile section */
		DA36488221D652250091DDB2 /* main.m in Sources */ = {isa = PBXBuildFile; fileRef = DA36488121D652250091DDB2 /* main.m */; };
		DA36488B21D652400091DDB2 /* ConcreteIterator.m in Sources */ = {isa = PBXBuildFile; fileRef = DA36488A21D652400091DDB2 /* ConcreteIterator.m */; };
		DA36489021D6535E0091DDB2 /* ConcreteAggregate.m in Sources */ = {isa = PBXBuildFile; fileRef = DA36488F21D6535E0091DDB2 /* ConcreteAggregate.m */; };
/* End PBXBuildFile section */

/* Begin PBXCopyFilesBuildPhase section */
		DA36487C21D652250091DDB2 /* CopyFiles */ = {
			isa = PBXCopyFilesBuildPhase;
			buildActionMask = 2147483647;
			dstPath = /usr/share/man/man1/;
			dstSubfolderSpec = 0;
			files = (
			);
			runOnlyForDeploymentPostprocessing = 1;
		};
/* End PBXCopyFilesBuildPhase section */

/* Begin PBXFileReference section */
		DA36487E21D652250091DDB2 /* iterator */ = {isa = PBXFileReference; explicitFileType = "compiled.mach-o.executable"; includeInIndex = 0; path = iterator; sourceTree = BUILT_PRODUCTS_DIR; };
		DA36488121D652250091DDB2 /* main.m */ = {isa = PBXFileReference; lastKnownFileType = sourcecode.c.objc; path = main.m; sourceTree = "<group>"; };
		DA36488921D652400091DDB2 /* ConcreteIterator.h */ = {isa = PBXFileReference; lastKnownFileType = sourcecode.c.h; path = ConcreteIterator.h; sourceTree = "<group>"; };
		DA36488A21D652400091DDB2 /* ConcreteIterator.m */ = {isa = PBXFileReference; lastKnownFileType = sourcecode.c.objc; path = ConcreteIterator.m; sourceTree = "<group>"; };
		DA36488C21D6526C0091DDB2 /* Iterator.h */ = {isa = PBXFileReference; lastKnownFileType = sourcecode.c.h; path = Iterator.h; sourceTree = "<group>"; };
		DA36488D21D652E80091DDB2 /* Aggreagate.h */ = {isa = PBXFileReference; lastKnownFileType = sourcecode.c.h; path = Aggreagate.h; sourceTree = "<group>"; };
		DA36488E21D6535E0091DDB2 /* ConcreteAggregate.h */ = {isa = PBXFileReference; lastKnownFileType = sourcecode.c.h; path = ConcreteAggregate.h; sourceTree = "<group>"; };
		DA36488F21D6535E0091DDB2 /* ConcreteAggregate.m */ = {isa = PBXFileReference; lastKnownFileType = sourcecode.c.objc; path = ConcreteAggregate.m; sourceTree = "<group>"; };
/* End PBXFileReference section */

/* Begin PBXFrameworksBuildPhase section */
		DA36487B21D652250091DDB2 /* Frameworks */ = {
			isa = PBXFrameworksBuildPhase;
			buildActionMask = 2147483647;
			files = (
			);
			runOnlyForDeploymentPostprocessing = 0;
		};
/* End PBXFrameworksBuildPhase section */

/* Begin PBXGroup section */
		DA36487521D652250091DDB2 = {
			isa = PBXGroup;
			children = (
				DA36488021D652250091DDB2 /* iterator */,
				DA36487F21D652250091DDB2 /* Products */,
			);
			sourceTree = "<group>";
		};
		DA36487F21D652250091DDB2 /* Products */ = {
			isa = PBXGroup;
			children = (
				DA36487E21D652250091DDB2 /* iterator */,
			);
			name = Products;
			sourceTree = "<group>";
		};
		DA36488021D652250091DDB2 /* iterator */ = {
			isa = PBXGroup;
			children = (
				DA36488821D652360091DDB2 /* iterator */,
				DA36488121D652250091DDB2 /* main.m */,
			);
			path = iterator;
			sourceTree = "<group>";
		};
		DA36488821D652360091DDB2 /* iterator */ = {
			isa = PBXGroup;
			children = (
				DA36488C21D6526C0091DDB2 /* Iterator.h */,
				DA36488921D652400091DDB2 /* ConcreteIterator.h */,
				DA36488A21D652400091DDB2 /* ConcreteIterator.m */,
				DA36488D21D652E80091DDB2 /* Aggreagate.h */,
				DA36488E21D6535E0091DDB2 /* ConcreteAggregate.h */,
				DA36488F21D6535E0091DDB2 /* ConcreteAggregate.m */,
			);
			path = iterator;
			sourceTree = "<group>";
		};
/* End PBXGroup section */

/* Begin PBXNativeTarget section */
		DA36487D21D652250091DDB2 /* iterator */ = {
			isa = PBXNativeTarget;
			buildConfigurationList = DA36488521D652250091DDB2 /* Build configuration list for PBXNativeTarget "iterator" */;
			buildPhases = (
				DA36487A21D652250091DDB2 /* Sources */,
				DA36487B21D652250091DDB2 /* Frameworks */,
				DA36487C21D652250091DDB2 /* CopyFiles */,
			);
			buildRules = (
			);
			dependencies = (
			);
			name = iterator;
			productName = iterator;
			productReference = DA36487E21D652250091DDB2 /* iterator */;
			productType = "com.apple.product-type.tool";
		};
/* End PBXNativeTarget section */

/* Begin PBXProject section */
		DA36487621D652250091DDB2 /* Project object */ = {
			isa = PBXProject;
			attributes = {
				LastUpgradeCheck = 1010;
				ORGANIZATIONNAME = "王俊";
				TargetAttributes = {
					DA36487D21D652250091DDB2 = {
						CreatedOnToolsVersion = 10.1;
					};
				};
			};
			buildConfigurationList = DA36487921D652250091DDB2 /* Build configuration list for PBXProject "iterator" */;
			compatibilityVersion = "Xcode 9.3";
			developmentRegion = en;
			hasScannedForEncodings = 0;
			knownRegions = (
				en,
			);
			mainGroup = DA36487521D652250091DDB2;
			productRefGroup = DA36487F21D652250091DDB2 /* Products */;
			projectDirPath = "";
			projectRoot = "";
			targets = (
				DA36487D21D652250091DDB2 /* iterator */,
			);
		};
/* End PBXProject section */

/* Begin PBXSourcesBuildPhase section */
		DA36487A21D652250091DDB2 /* Sources */ = {
			isa = PBXSourcesBuildPhase;
			buildActionMask = 2147483647;
			files = (
				DA36489021D6535E0091DDB2 /* ConcreteAggregate.m in Sources */,
				DA36488221D652250091DDB2 /* main.m in Sources */,
				DA36488B21D652400091DDB2 /* ConcreteIterator.m in Sources */,
			);
			runOnlyForDeploymentPostprocessing = 0;
		};
/* End PBXSourcesBuildPhase section */

/* Begin XCBuildConfiguration section */
		DA36488321D652250091DDB2 /* Debug */ = {
			isa = XCBuildConfiguration;
			buildSettings = {
				ALWAYS_SEARCH_USER_PATHS = NO;
				CLANG_ANALYZER_NONNULL = YES;
				CLANG_ANALYZER_NUMBER_OBJECT_CONVERSION = YES_AGGRESSIVE;
				CLANG_CXX_LANGUAGE_STANDARD = "gnu++14";
				CLANG_CXX_LIBRARY = "libc++";
				CLANG_ENABLE_MODULES = YES;
				CLANG_ENABLE_OBJC_ARC = YES;
				CLANG_ENABLE_OBJC_WEAK = YES;
				CLANG_WARN_BLOCK_CAPTURE_AUTORELEASING = YES;
				CLANG_WARN_BOOL_CONVERSION = YES;
				CLANG_WARN_COMMA = YES;
				CLANG_WARN_CONSTANT_CONVERSION = YES;
				CLANG_WARN_DEPRECATED_OBJC_IMPLEMENTATIONS = YES;
				CLANG_WARN_DIRECT_OBJC_ISA_USAGE = YES_ERROR;
				CLANG_WARN_DOCUMENTATION_COMMENTS = YES;
				CLANG_WARN_EMPTY_BODY = YES;
				CLANG_WARN_ENUM_CONVERSION = YES;
				CLANG_WARN_INFINITE_RECURSION = YES;
				CLANG_WARN_INT_CONVERSION = YES;
				CLANG_WARN_NON_LITERAL_NULL_CONVERSION = YES;
				CLANG_WARN_OBJC_IMPLICIT_RETAIN_SELF = YES;
				CLANG_WARN_OBJC_LITERAL_CONVERSION = YES;
				CLANG_WARN_OBJC_ROOT_CLASS = YES_ERROR;
				CLANG_WARN_RANGE_LOOP_ANALYSIS = YES;
				CLANG_WARN_STRICT_PROTOTYPES = YES;
				CLANG_WARN_SUSPICIOUS_MOVE = YES;
				CLANG_WARN_UNGUARDED_AVAILABILITY = YES_AGGRESSIVE;
				CLANG_WARN_UNREACHABLE_CODE = YES;
				CLANG_WARN__DUPLICATE_METHOD_MATCH = YES;
				CODE_SIGN_IDENTITY = "Mac Developer";
				COPY_PHASE_STRIP = NO;
				DEBUG_INFORMATION_FORMAT = dwarf;
				ENABLE_STRICT_OBJC_MSGSEND = YES;
				ENABLE_TESTABILITY = YES;
				GCC_C_LANGUAGE_STANDARD = gnu11;
				GCC_DYNAMIC_NO_PIC = NO;
				GCC_NO_COMMON_BLOCKS = YES;
				GCC_OPTIMIZATION_LEVEL = 0;
				GCC_PREPROCESSOR_DEFINITIONS = (
					"DEBUG=1",
					"$(inherited)",
				);
				GCC_WARN_64_TO_32_BIT_CONVERSION = YES;
				GCC_WARN_ABOUT_RETURN_TYPE = YES_ERROR;
				GCC_WARN_UNDECLARED_SELECTOR = YES;
				GCC_WARN_UNINITIALIZED_AUTOS = YES_AGGRESSIVE;
				GCC_WARN_UNUSED_FUNCTION = YES;
				GCC_WARN_UNUSED_VARIABLE = YES;
				MACOSX_DEPLOYMENT_TARGET = 10.14;
				MTL_ENABLE_DEBUG_INFO = INCLUDE_SOURCE;
				MTL_FAST_MATH = YES;
				ONLY_ACTIVE_ARCH = YES;
				SDKROOT = macosx;
			};
			name = Debug;
		};
		DA36488421D652250091DDB2 /* Release */ = {
			isa = XCBuildConfiguration;
			buildSettings = {
				ALWAYS_SEARCH_USER_PATHS = NO;
				CLANG_ANALYZER_NONNULL = YES;
				CLANG_ANALYZER_NUMBER_OBJECT_CONVERSION = YES_AGGRESSIVE;
				CLANG_CXX_LANGUAGE_STANDARD = "gnu++14";
				CLANG_CXX_LIBRARY = "libc++";
				CLANG_ENABLE_MODULES = YES;
				CLANG_ENABLE_OBJC_ARC = YES;
				CLANG_ENABLE_OBJC_WEAK = YES;
				CLANG_WARN_BLOCK_CAPTURE_AUTORELEASING = YES;
				CLANG_WARN_BOOL_CONVERSION = YES;
				CLANG_WARN_COMMA = YES;
				CLANG_WARN_CONSTANT_CONVERSION = YES;
				CLANG_WARN_DEPRECATED_OBJC_IMPLEMENTATIONS = YES;
				CLANG_WARN_DIRECT_OBJC_ISA_USAGE = YES_ERROR;
				CLANG_WARN_DOCUMENTATION_COMMENTS = YES;
				CLANG_WARN_EMPTY_BODY = YES;
				CLANG_WARN_ENUM_CONVERSION = YES;
				CLANG_WARN_INFINITE_RECURSION = YES;
				CLANG_WARN_INT_CONVERSION = YES;
				CLANG_WARN_NON_LITERAL_NULL_CONVERSION = YES;
				CLANG_WARN_OBJC_IMPLICIT_RETAIN_SELF = YES;
				CLANG_WARN_OBJC_LITERAL_CONVERSION = YES;
				CLANG_WARN_OBJC_ROOT_CLASS = YES_ERROR;
				CLANG_WARN_RANGE_LOOP_ANALYSIS = YES;
				CLANG_WARN_STRICT_PROTOTYPES = YES;
				CLANG_WARN_SUSPICIOUS_MOVE = YES;
				CLANG_WARN_UNGUARDED_AVAILABILITY = YES_AGGRESSIVE;
				CLANG_WARN_UNREACHABLE_CODE = YES;
				CLANG_WARN__DUPLICATE_METHOD_MATCH = YES;
				CODE_SIGN_IDENTITY = "Mac Developer";
				COPY_PHASE_STRIP = NO;
				DEBUG_INFORMATION_FORMAT = "dwarf-with-dsym";
				ENABLE_NS_ASSERTIONS = NO;
				ENABLE_STRICT_OBJC_MSGSEND = YES;
				GCC_C_LANGUAGE_STANDARD = gnu11;
				GCC_NO_COMMON_BLOCKS = YES;
				GCC_WARN_64_TO_32_BIT_CONVERSION = YES;
				GCC_WARN_ABOUT_RETURN_TYPE = YES_ERROR;
				GCC_WARN_UNDECLARED_SELECTOR = YES;
				GCC_WARN_UNINITIALIZED_AUTOS = YES_AGGRESSIVE;
				GCC_WARN_UNUSED_FUNCTION = YES;
				GCC_WARN_UNUSED_VARIABLE = YES;
				MACOSX_DEPLOYMENT_TARGET = 10.14;
				MTL_ENABLE_DEBUG_INFO = NO;
				MTL_FAST_MATH = YES;
				SDKROOT = macosx;
			};
			name = Release;
		};
		DA36488621D652250091DDB2 /* Debug */ = {
			isa = XCBuildConfiguration;
			buildSettings = {
				CODE_SIGN_STYLE = Automatic;
				DEVELOPMENT_TEAM = 7465LVKW35;
				PRODUCT_NAME = "$(TARGET_NAME)";
			};
			name = Debug;
		};
		DA36488721D652250091DDB2 /* Release */ = {
			isa = XCBuildConfiguration;
			buildSettings = {
				CODE_SIGN_STYLE = Automatic;
				DEVELOPMENT_TEAM = 7465LVKW35;
				PRODUCT_NAME = "$(TARGET_NAME)";
			};
			name = Release;
		};
/* End XCBuildConfiguration section */

/* Begin XCConfigurationList section */
		DA36487921D652250091DDB2 /* Build configuration list for PBXProject "iterator" */ = {
			isa = XCConfigurationList;
			buildConfigurations = (
				DA36488321D652250091DDB2 /* Debug */,
				DA36488421D652250091DDB2 /* Release */,
			);
			defaultConfigurationIsVisible = 0;
			defaultConfigurationName = Release;
		};
		DA36488521D652250091DDB2 /* Build configuration list for PBXNativeTarget "iterator" */ = {
			isa = XCConfigurationList;
			buildConfigurations = (
				DA36488621D652250091DDB2 /* Debug */,
				DA36488721D652250091DDB2 /* Release */,
			);
			defaultConfigurationIsVisible = 0;
			defaultConfigurationName = Release;
		};
/* End XCConfigurationList section */
	};
	rootObject = DA36487621D652250091DDB2 /* Project object */;
}
