// !$*UTF8*$!
{
	archiveVersion = 1;
	classes = {
	};
	objectVersion = 50;
	objects = {

/* Begin PBXBuildFile section */
		DA76D93621C73FEA00D4CD12 /* main.m in Sources */ = {isa = PBXBuildFile; fileRef = DA76D93521C73FEA00D4CD12 /* main.m */; };
		DA76D93F21C7424E00D4CD12 /* Person.m in Sources */ = {isa = PBXBuildFile; fileRef = DA76D93E21C7424E00D4CD12 /* Person.m */; };
		DA76D94221C7427300D4CD12 /* Finery.m in Sources */ = {isa = PBXBuildFile; fileRef = DA76D94121C7427300D4CD12 /* Finery.m */; };
		DA76D94521C742A800D4CD12 /* TShirts.m in Sources */ = {isa = PBXBuildFile; fileRef = DA76D94421C742A800D4CD12 /* TShirts.m */; };
		DA76D94821C7432C00D4CD12 /* BigTrousers.m in Sources */ = {isa = PBXBuildFile; fileRef = DA76D94721C7432C00D4CD12 /* BigTrousers.m */; };
		DA76D94B21C7439600D4CD12 /* Sneakers.m in Sources */ = {isa = PBXBuildFile; fileRef = DA76D94A21C7439600D4CD12 /* Sneakers.m */; };
		DA76D94E21C743A200D4CD12 /* Suits.m in Sources */ = {isa = PBXBuildFile; fileRef = DA76D94D21C743A200D4CD12 /* Suits.m */; };
		DA76D95121C743A800D4CD12 /* Ties.m in Sources */ = {isa = PBXBuildFile; fileRef = DA76D95021C743A800D4CD12 /* Ties.m */; };
		DA76D95421C743EB00D4CD12 /* LeatherShoes.m in Sources */ = {isa = PBXBuildFile; fileRef = DA76D95321C743EB00D4CD12 /* LeatherShoes.m */; };
/* End PBXBuildFile section */

/* Begin PBXCopyFilesBuildPhase section */
		DA76D93021C73FEA00D4CD12 /* CopyFiles */ = {
			isa = PBXCopyFilesBuildPhase;
			buildActionMask = 2147483647;
			dstPath = /usr/share/man/man1/;
			dstSubfolderSpec = 0;
			files = (
			);
			runOnlyForDeploymentPostprocessing = 1;
		};
/* End PBXCopyFilesBuildPhase section */

/* Begin PBXFileReference section */
		DA76D93221C73FEA00D4CD12 /* decorator */ = {isa = PBXFileReference; explicitFileType = "compiled.mach-o.executable"; includeInIndex = 0; path = decorator; sourceTree = BUILT_PRODUCTS_DIR; };
		DA76D93521C73FEA00D4CD12 /* main.m */ = {isa = PBXFileReference; lastKnownFileType = sourcecode.c.objc; path = main.m; sourceTree = "<group>"; };
		DA76D93D21C7424E00D4CD12 /* Person.h */ = {isa = PBXFileReference; lastKnownFileType = sourcecode.c.h; path = Person.h; sourceTree = "<group>"; };
		DA76D93E21C7424E00D4CD12 /* Person.m */ = {isa = PBXFileReference; lastKnownFileType = sourcecode.c.objc; path = Person.m; sourceTree = "<group>"; };
		DA76D94021C7427300D4CD12 /* Finery.h */ = {isa = PBXFileReference; lastKnownFileType = sourcecode.c.h; path = Finery.h; sourceTree = "<group>"; };
		DA76D94121C7427300D4CD12 /* Finery.m */ = {isa = PBXFileReference; lastKnownFileType = sourcecode.c.objc; path = Finery.m; sourceTree = "<group>"; };
		DA76D94321C742A800D4CD12 /* TShirts.h */ = {isa = PBXFileReference; lastKnownFileType = sourcecode.c.h; path = TShirts.h; sourceTree = "<group>"; };
		DA76D94421C742A800D4CD12 /* TShirts.m */ = {isa = PBXFileReference; lastKnownFileType = sourcecode.c.objc; path = TShirts.m; sourceTree = "<group>"; };
		DA76D94621C7432C00D4CD12 /* BigTrousers.h */ = {isa = PBXFileReference; lastKnownFileType = sourcecode.c.h; path = BigTrousers.h; sourceTree = "<group>"; };
		DA76D94721C7432C00D4CD12 /* BigTrousers.m */ = {isa = PBXFileReference; lastKnownFileType = sourcecode.c.objc; path = BigTrousers.m; sourceTree = "<group>"; };
		DA76D94921C7439600D4CD12 /* Sneakers.h */ = {isa = PBXFileReference; lastKnownFileType = sourcecode.c.h; path = Sneakers.h; sourceTree = "<group>"; };
		DA76D94A21C7439600D4CD12 /* Sneakers.m */ = {isa = PBXFileReference; lastKnownFileType = sourcecode.c.objc; path = Sneakers.m; sourceTree = "<group>"; };
		DA76D94C21C743A200D4CD12 /* Suits.h */ = {isa = PBXFileReference; lastKnownFileType = sourcecode.c.h; path = Suits.h; sourceTree = "<group>"; };
		DA76D94D21C743A200D4CD12 /* Suits.m */ = {isa = PBXFileReference; lastKnownFileType = sourcecode.c.objc; path = Suits.m; sourceTree = "<group>"; };
		DA76D94F21C743A800D4CD12 /* Ties.h */ = {isa = PBXFileReference; lastKnownFileType = sourcecode.c.h; path = Ties.h; sourceTree = "<group>"; };
		DA76D95021C743A800D4CD12 /* Ties.m */ = {isa = PBXFileReference; lastKnownFileType = sourcecode.c.objc; path = Ties.m; sourceTree = "<group>"; };
		DA76D95221C743EB00D4CD12 /* LeatherShoes.h */ = {isa = PBXFileReference; lastKnownFileType = sourcecode.c.h; path = LeatherShoes.h; sourceTree = "<group>"; };
		DA76D95321C743EB00D4CD12 /* LeatherShoes.m */ = {isa = PBXFileReference; lastKnownFileType = sourcecode.c.objc; path = LeatherShoes.m; sourceTree = "<group>"; };
/* End PBXFileReference section */

/* Begin PBXFrameworksBuildPhase section */
		DA76D92F21C73FEA00D4CD12 /* Frameworks */ = {
			isa = PBXFrameworksBuildPhase;
			buildActionMask = 2147483647;
			files = (
			);
			runOnlyForDeploymentPostprocessing = 0;
		};
/* End PBXFrameworksBuildPhase section */

/* Begin PBXGroup section */
		DA76D92921C73FEA00D4CD12 = {
			isa = PBXGroup;
			children = (
				DA76D93421C73FEA00D4CD12 /* decorator */,
				DA76D93321C73FEA00D4CD12 /* Products */,
			);
			sourceTree = "<group>";
		};
		DA76D93321C73FEA00D4CD12 /* Products */ = {
			isa = PBXGroup;
			children = (
				DA76D93221C73FEA00D4CD12 /* decorator */,
			);
			name = Products;
			sourceTree = "<group>";
		};
		DA76D93421C73FEA00D4CD12 /* decorator */ = {
			isa = PBXGroup;
			children = (
				DA76D93C21C7423900D4CD12 /* decorator */,
				DA76D93521C73FEA00D4CD12 /* main.m */,
			);
			path = decorator;
			sourceTree = "<group>";
		};
		DA76D93C21C7423900D4CD12 /* decorator */ = {
			isa = PBXGroup;
			children = (
				DA76D93D21C7424E00D4CD12 /* Person.h */,
				DA76D93E21C7424E00D4CD12 /* Person.m */,
				DA76D94021C7427300D4CD12 /* Finery.h */,
				DA76D94121C7427300D4CD12 /* Finery.m */,
				DA76D94321C742A800D4CD12 /* TShirts.h */,
				DA76D94421C742A800D4CD12 /* TShirts.m */,
				DA76D94621C7432C00D4CD12 /* BigTrousers.h */,
				DA76D94721C7432C00D4CD12 /* BigTrousers.m */,
				DA76D94921C7439600D4CD12 /* Sneakers.h */,
				DA76D94A21C7439600D4CD12 /* Sneakers.m */,
				DA76D94C21C743A200D4CD12 /* Suits.h */,
				DA76D94D21C743A200D4CD12 /* Suits.m */,
				DA76D94F21C743A800D4CD12 /* Ties.h */,
				DA76D95021C743A800D4CD12 /* Ties.m */,
				DA76D95221C743EB00D4CD12 /* LeatherShoes.h */,
				DA76D95321C743EB00D4CD12 /* LeatherShoes.m */,
			);
			path = decorator;
			sourceTree = "<group>";
		};
/* End PBXGroup section */

/* Begin PBXNativeTarget section */
		DA76D93121C73FEA00D4CD12 /* decorator */ = {
			isa = PBXNativeTarget;
			buildConfigurationList = DA76D93921C73FEA00D4CD12 /* Build configuration list for PBXNativeTarget "decorator" */;
			buildPhases = (
				DA76D92E21C73FEA00D4CD12 /* Sources */,
				DA76D92F21C73FEA00D4CD12 /* Frameworks */,
				DA76D93021C73FEA00D4CD12 /* CopyFiles */,
			);
			buildRules = (
			);
			dependencies = (
			);
			name = decorator;
			productName = decorator;
			productReference = DA76D93221C73FEA00D4CD12 /* decorator */;
			productType = "com.apple.product-type.tool";
		};
/* End PBXNativeTarget section */

/* Begin PBXProject section */
		DA76D92A21C73FEA00D4CD12 /* Project object */ = {
			isa = PBXProject;
			attributes = {
				LastUpgradeCheck = 1010;
				ORGANIZATIONNAME = "王俊";
				TargetAttributes = {
					DA76D93121C73FEA00D4CD12 = {
						CreatedOnToolsVersion = 10.1;
					};
				};
			};
			buildConfigurationList = DA76D92D21C73FEA00D4CD12 /* Build configuration list for PBXProject "decorator" */;
			compatibilityVersion = "Xcode 9.3";
			developmentRegion = en;
			hasScannedForEncodings = 0;
			knownRegions = (
				en,
			);
			mainGroup = DA76D92921C73FEA00D4CD12;
			productRefGroup = DA76D93321C73FEA00D4CD12 /* Products */;
			projectDirPath = "";
			projectRoot = "";
			targets = (
				DA76D93121C73FEA00D4CD12 /* decorator */,
			);
		};
/* End PBXProject section */

/* Begin PBXSourcesBuildPhase section */
		DA76D92E21C73FEA00D4CD12 /* Sources */ = {
			isa = PBXSourcesBuildPhase;
			buildActionMask = 2147483647;
			files = (
				DA76D93F21C7424E00D4CD12 /* Person.m in Sources */,
				DA76D94521C742A800D4CD12 /* TShirts.m in Sources */,
				DA76D95121C743A800D4CD12 /* Ties.m in Sources */,
				DA76D94221C7427300D4CD12 /* Finery.m in Sources */,
				DA76D94821C7432C00D4CD12 /* BigTrousers.m in Sources */,
				DA76D93621C73FEA00D4CD12 /* main.m in Sources */,
				DA76D94E21C743A200D4CD12 /* Suits.m in Sources */,
				DA76D94B21C7439600D4CD12 /* Sneakers.m in Sources */,
				DA76D95421C743EB00D4CD12 /* LeatherShoes.m in Sources */,
			);
			runOnlyForDeploymentPostprocessing = 0;
		};
/* End PBXSourcesBuildPhase section */

/* Begin XCBuildConfiguration section */
		DA76D93721C73FEA00D4CD12 /* Debug */ = {
			isa = XCBuildConfiguration;
			buildSettings = {
				ALWAYS_SEARCH_USER_PATHS = NO;
				CLANG_ANALYZER_NONNULL = YES;
				CLANG_ANALYZER_NUMBER_OBJECT_CONVERSION = YES_AGGRESSIVE;
				CLANG_CXX_LANGUAGE_STANDARD = "gnu++14";
				CLANG_CXX_LIBRARY = "libc++";
				CLANG_ENABLE_MODULES = YES;
				CLANG_ENABLE_OBJC_ARC = YES;
				CLANG_ENABLE_OBJC_WEAK = YES;
				CLANG_WARN_BLOCK_CAPTURE_AUTORELEASING = YES;
				CLANG_WARN_BOOL_CONVERSION = YES;
				CLANG_WARN_COMMA = YES;
				CLANG_WARN_CONSTANT_CONVERSION = YES;
				CLANG_WARN_DEPRECATED_OBJC_IMPLEMENTATIONS = YES;
				CLANG_WARN_DIRECT_OBJC_ISA_USAGE = YES_ERROR;
				CLANG_WARN_DOCUMENTATION_COMMENTS = YES;
				CLANG_WARN_EMPTY_BODY = YES;
				CLANG_WARN_ENUM_CONVERSION = YES;
				CLANG_WARN_INFINITE_RECURSION = YES;
				CLANG_WARN_INT_CONVERSION = YES;
				CLANG_WARN_NON_LITERAL_NULL_CONVERSION = YES;
				CLANG_WARN_OBJC_IMPLICIT_RETAIN_SELF = YES;
				CLANG_WARN_OBJC_LITERAL_CONVERSION = YES;
				CLANG_WARN_OBJC_ROOT_CLASS = YES_ERROR;
				CLANG_WARN_RANGE_LOOP_ANALYSIS = YES;
				CLANG_WARN_STRICT_PROTOTYPES = YES;
				CLANG_WARN_SUSPICIOUS_MOVE = YES;
				CLANG_WARN_UNGUARDED_AVAILABILITY = YES_AGGRESSIVE;
				CLANG_WARN_UNREACHABLE_CODE = YES;
				CLANG_WARN__DUPLICATE_METHOD_MATCH = YES;
				CODE_SIGN_IDENTITY = "Mac Developer";
				COPY_PHASE_STRIP = NO;
				DEBUG_INFORMATION_FORMAT = dwarf;
				ENABLE_STRICT_OBJC_MSGSEND = YES;
				ENABLE_TESTABILITY = YES;
				GCC_C_LANGUAGE_STANDARD = gnu11;
				GCC_DYNAMIC_NO_PIC = NO;
				GCC_NO_COMMON_BLOCKS = YES;
				GCC_OPTIMIZATION_LEVEL = 0;
				GCC_PREPROCESSOR_DEFINITIONS = (
					"DEBUG=1",
					"$(inherited)",
				);
				GCC_WARN_64_TO_32_BIT_CONVERSION = YES;
				GCC_WARN_ABOUT_RETURN_TYPE = YES_ERROR;
				GCC_WARN_UNDECLARED_SELECTOR = YES;
				GCC_WARN_UNINITIALIZED_AUTOS = YES_AGGRESSIVE;
				GCC_WARN_UNUSED_FUNCTION = YES;
				GCC_WARN_UNUSED_VARIABLE = YES;
				MACOSX_DEPLOYMENT_TARGET = 10.14;
				MTL_ENABLE_DEBUG_INFO = INCLUDE_SOURCE;
				MTL_FAST_MATH = YES;
				ONLY_ACTIVE_ARCH = YES;
				SDKROOT = macosx;
			};
			name = Debug;
		};
		DA76D93821C73FEA00D4CD12 /* Release */ = {
			isa = XCBuildConfiguration;
			buildSettings = {
				ALWAYS_SEARCH_USER_PATHS = NO;
				CLANG_ANALYZER_NONNULL = YES;
				CLANG_ANALYZER_NUMBER_OBJECT_CONVERSION = YES_AGGRESSIVE;
				CLANG_CXX_LANGUAGE_STANDARD = "gnu++14";
				CLANG_CXX_LIBRARY = "libc++";
				CLANG_ENABLE_MODULES = YES;
				CLANG_ENABLE_OBJC_ARC = YES;
				CLANG_ENABLE_OBJC_WEAK = YES;
				CLANG_WARN_BLOCK_CAPTURE_AUTORELEASING = YES;
				CLANG_WARN_BOOL_CONVERSION = YES;
				CLANG_WARN_COMMA = YES;
				CLANG_WARN_CONSTANT_CONVERSION = YES;
				CLANG_WARN_DEPRECATED_OBJC_IMPLEMENTATIONS = YES;
				CLANG_WARN_DIRECT_OBJC_ISA_USAGE = YES_ERROR;
				CLANG_WARN_DOCUMENTATION_COMMENTS = YES;
				CLANG_WARN_EMPTY_BODY = YES;
				CLANG_WARN_ENUM_CONVERSION = YES;
				CLANG_WARN_INFINITE_RECURSION = YES;
				CLANG_WARN_INT_CONVERSION = YES;
				CLANG_WARN_NON_LITERAL_NULL_CONVERSION = YES;
				CLANG_WARN_OBJC_IMPLICIT_RETAIN_SELF = YES;
				CLANG_WARN_OBJC_LITERAL_CONVERSION = YES;
				CLANG_WARN_OBJC_ROOT_CLASS = YES_ERROR;
				CLANG_WARN_RANGE_LOOP_ANALYSIS = YES;
				CLANG_WARN_STRICT_PROTOTYPES = YES;
				CLANG_WARN_SUSPICIOUS_MOVE = YES;
				CLANG_WARN_UNGUARDED_AVAILABILITY = YES_AGGRESSIVE;
				CLANG_WARN_UNREACHABLE_CODE = YES;
				CLANG_WARN__DUPLICATE_METHOD_MATCH = YES;
				CODE_SIGN_IDENTITY = "Mac Developer";
				COPY_PHASE_STRIP = NO;
				DEBUG_INFORMATION_FORMAT = "dwarf-with-dsym";
				ENABLE_NS_ASSERTIONS = NO;
				ENABLE_STRICT_OBJC_MSGSEND = YES;
				GCC_C_LANGUAGE_STANDARD = gnu11;
				GCC_NO_COMMON_BLOCKS = YES;
				GCC_WARN_64_TO_32_BIT_CONVERSION = YES;
				GCC_WARN_ABOUT_RETURN_TYPE = YES_ERROR;
				GCC_WARN_UNDECLARED_SELECTOR = YES;
				GCC_WARN_UNINITIALIZED_AUTOS = YES_AGGRESSIVE;
				GCC_WARN_UNUSED_FUNCTION = YES;
				GCC_WARN_UNUSED_VARIABLE = YES;
				MACOSX_DEPLOYMENT_TARGET = 10.14;
				MTL_ENABLE_DEBUG_INFO = NO;
				MTL_FAST_MATH = YES;
				SDKROOT = macosx;
			};
			name = Release;
		};
		DA76D93A21C73FEA00D4CD12 /* Debug */ = {
			isa = XCBuildConfiguration;
			buildSettings = {
				CODE_SIGN_STYLE = Automatic;
				DEVELOPMENT_TEAM = 7465LVKW35;
				PRODUCT_NAME = "$(TARGET_NAME)";
			};
			name = Debug;
		};
		DA76D93B21C73FEA00D4CD12 /* Release */ = {
			isa = XCBuildConfiguration;
			buildSettings = {
				CODE_SIGN_STYLE = Automatic;
				DEVELOPMENT_TEAM = 7465LVKW35;
				PRODUCT_NAME = "$(TARGET_NAME)";
			};
			name = Release;
		};
/* End XCBuildConfiguration section */

/* Begin XCConfigurationList section */
		DA76D92D21C73FEA00D4CD12 /* Build configuration list for PBXProject "decorator" */ = {
			isa = XCConfigurationList;
			buildConfigurations = (
				DA76D93721C73FEA00D4CD12 /* Debug */,
				DA76D93821C73FEA00D4CD12 /* Release */,
			);
			defaultConfigurationIsVisible = 0;
			defaultConfigurationName = Release;
		};
		DA76D93921C73FEA00D4CD12 /* Build configuration list for PBXNativeTarget "decorator" */ = {
			isa = XCConfigurationList;
			buildConfigurations = (
				DA76D93A21C73FEA00D4CD12 /* Debug */,
				DA76D93B21C73FEA00D4CD12 /* Release */,
			);
			defaultConfigurationIsVisible = 0;
			defaultConfigurationName = Release;
		};
/* End XCConfigurationList section */
	};
	rootObject = DA76D92A21C73FEA00D4CD12 /* Project object */;
}
