// !$*UTF8*$!
{
	archiveVersion = 1;
	classes = {
	};
	objectVersion = 50;
	objects = {

/* Begin PBXBuildFile section */
		DA76DA7021CA6EB300D4CD12 /* main.m in Sources */ = {isa = PBXBuildFile; fileRef = DA76DA6F21CA6EB300D4CD12 /* main.m */; };
		DA76DA7B21CA712A00D4CD12 /* Boss.m in Sources */ = {isa = PBXBuildFile; fileRef = DA76DA7A21CA712A00D4CD12 /* Boss.m */; };
		DA76DA7E21CA733800D4CD12 /* StockObserver.m in Sources */ = {isa = PBXBuildFile; fileRef = DA76DA7D21CA733800D4CD12 /* StockObserver.m */; };
/* End PBXBuildFile section */

/* Begin PBXCopyFilesBuildPhase section */
		DA76DA6A21CA6EB300D4CD12 /* CopyFiles */ = {
			isa = PBXCopyFilesBuildPhase;
			buildActionMask = 2147483647;
			dstPath = /usr/share/man/man1/;
			dstSubfolderSpec = 0;
			files = (
			);
			runOnlyForDeploymentPostprocessing = 1;
		};
/* End PBXCopyFilesBuildPhase section */

/* Begin PBXFileReference section */
		DA76DA6C21CA6EB300D4CD12 /* observer */ = {isa = PBXFileReference; explicitFileType = "compiled.mach-o.executable"; includeInIndex = 0; path = observer; sourceTree = BUILT_PRODUCTS_DIR; };
		DA76DA6F21CA6EB300D4CD12 /* main.m */ = {isa = PBXFileReference; lastKnownFileType = sourcecode.c.objc; path = main.m; sourceTree = "<group>"; };
		DA76DA7721CA6F7200D4CD12 /* Subject.h */ = {isa = PBXFileReference; lastKnownFileType = sourcecode.c.h; path = Subject.h; sourceTree = "<group>"; };
		DA76DA7821CA6FAB00D4CD12 /* Observer.h */ = {isa = PBXFileReference; lastKnownFileType = sourcecode.c.h; path = Observer.h; sourceTree = "<group>"; };
		DA76DA7921CA712A00D4CD12 /* Boss.h */ = {isa = PBXFileReference; lastKnownFileType = sourcecode.c.h; path = Boss.h; sourceTree = "<group>"; };
		DA76DA7A21CA712A00D4CD12 /* Boss.m */ = {isa = PBXFileReference; lastKnownFileType = sourcecode.c.objc; path = Boss.m; sourceTree = "<group>"; };
		DA76DA7C21CA733800D4CD12 /* StockObserver.h */ = {isa = PBXFileReference; lastKnownFileType = sourcecode.c.h; path = StockObserver.h; sourceTree = "<group>"; };
		DA76DA7D21CA733800D4CD12 /* StockObserver.m */ = {isa = PBXFileReference; lastKnownFileType = sourcecode.c.objc; path = StockObserver.m; sourceTree = "<group>"; };
/* End PBXFileReference section */

/* Begin PBXFrameworksBuildPhase section */
		DA76DA6921CA6EB300D4CD12 /* Frameworks */ = {
			isa = PBXFrameworksBuildPhase;
			buildActionMask = 2147483647;
			files = (
			);
			runOnlyForDeploymentPostprocessing = 0;
		};
/* End PBXFrameworksBuildPhase section */

/* Begin PBXGroup section */
		DA76DA6321CA6EB300D4CD12 = {
			isa = PBXGroup;
			children = (
				DA76DA6E21CA6EB300D4CD12 /* observer */,
				DA76DA6D21CA6EB300D4CD12 /* Products */,
			);
			sourceTree = "<group>";
		};
		DA76DA6D21CA6EB300D4CD12 /* Products */ = {
			isa = PBXGroup;
			children = (
				DA76DA6C21CA6EB300D4CD12 /* observer */,
			);
			name = Products;
			sourceTree = "<group>";
		};
		DA76DA6E21CA6EB300D4CD12 /* observer */ = {
			isa = PBXGroup;
			children = (
				DA76DA7621CA6EC800D4CD12 /* observer */,
				DA76DA6F21CA6EB300D4CD12 /* main.m */,
			);
			path = observer;
			sourceTree = "<group>";
		};
		DA76DA7621CA6EC800D4CD12 /* observer */ = {
			isa = PBXGroup;
			children = (
				DA76DA7721CA6F7200D4CD12 /* Subject.h */,
				DA76DA7821CA6FAB00D4CD12 /* Observer.h */,
				DA76DA7921CA712A00D4CD12 /* Boss.h */,
				DA76DA7A21CA712A00D4CD12 /* Boss.m */,
				DA76DA7C21CA733800D4CD12 /* StockObserver.h */,
				DA76DA7D21CA733800D4CD12 /* StockObserver.m */,
			);
			path = observer;
			sourceTree = "<group>";
		};
/* End PBXGroup section */

/* Begin PBXNativeTarget section */
		DA76DA6B21CA6EB300D4CD12 /* observer */ = {
			isa = PBXNativeTarget;
			buildConfigurationList = DA76DA7321CA6EB300D4CD12 /* Build configuration list for PBXNativeTarget "observer" */;
			buildPhases = (
				DA76DA6821CA6EB300D4CD12 /* Sources */,
				DA76DA6921CA6EB300D4CD12 /* Frameworks */,
				DA76DA6A21CA6EB300D4CD12 /* CopyFiles */,
			);
			buildRules = (
			);
			dependencies = (
			);
			name = observer;
			productName = observer;
			productReference = DA76DA6C21CA6EB300D4CD12 /* observer */;
			productType = "com.apple.product-type.tool";
		};
/* End PBXNativeTarget section */

/* Begin PBXProject section */
		DA76DA6421CA6EB300D4CD12 /* Project object */ = {
			isa = PBXProject;
			attributes = {
				LastUpgradeCheck = 1010;
				ORGANIZATIONNAME = "王俊";
				TargetAttributes = {
					DA76DA6B21CA6EB300D4CD12 = {
						CreatedOnToolsVersion = 10.1;
					};
				};
			};
			buildConfigurationList = DA76DA6721CA6EB300D4CD12 /* Build configuration list for PBXProject "observer" */;
			compatibilityVersion = "Xcode 9.3";
			developmentRegion = en;
			hasScannedForEncodings = 0;
			knownRegions = (
				en,
			);
			mainGroup = DA76DA6321CA6EB300D4CD12;
			productRefGroup = DA76DA6D21CA6EB300D4CD12 /* Products */;
			projectDirPath = "";
			projectRoot = "";
			targets = (
				DA76DA6B21CA6EB300D4CD12 /* observer */,
			);
		};
/* End PBXProject section */

/* Begin PBXSourcesBuildPhase section */
		DA76DA6821CA6EB300D4CD12 /* Sources */ = {
			isa = PBXSourcesBuildPhase;
			buildActionMask = 2147483647;
			files = (
				DA76DA7B21CA712A00D4CD12 /* Boss.m in Sources */,
				DA76DA7021CA6EB300D4CD12 /* main.m in Sources */,
				DA76DA7E21CA733800D4CD12 /* StockObserver.m in Sources */,
			);
			runOnlyForDeploymentPostprocessing = 0;
		};
/* End PBXSourcesBuildPhase section */

/* Begin XCBuildConfiguration section */
		DA76DA7121CA6EB300D4CD12 /* Debug */ = {
			isa = XCBuildConfiguration;
			buildSettings = {
				ALWAYS_SEARCH_USER_PATHS = NO;
				CLANG_ANALYZER_NONNULL = YES;
				CLANG_ANALYZER_NUMBER_OBJECT_CONVERSION = YES_AGGRESSIVE;
				CLANG_CXX_LANGUAGE_STANDARD = "gnu++14";
				CLANG_CXX_LIBRARY = "libc++";
				CLANG_ENABLE_MODULES = YES;
				CLANG_ENABLE_OBJC_ARC = YES;
				CLANG_ENABLE_OBJC_WEAK = YES;
				CLANG_WARN_BLOCK_CAPTURE_AUTORELEASING = YES;
				CLANG_WARN_BOOL_CONVERSION = YES;
				CLANG_WARN_COMMA = YES;
				CLANG_WARN_CONSTANT_CONVERSION = YES;
				CLANG_WARN_DEPRECATED_OBJC_IMPLEMENTATIONS = YES;
				CLANG_WARN_DIRECT_OBJC_ISA_USAGE = YES_ERROR;
				CLANG_WARN_DOCUMENTATION_COMMENTS = YES;
				CLANG_WARN_EMPTY_BODY = YES;
				CLANG_WARN_ENUM_CONVERSION = YES;
				CLANG_WARN_INFINITE_RECURSION = YES;
				CLANG_WARN_INT_CONVERSION = YES;
				CLANG_WARN_NON_LITERAL_NULL_CONVERSION = YES;
				CLANG_WARN_OBJC_IMPLICIT_RETAIN_SELF = YES;
				CLANG_WARN_OBJC_LITERAL_CONVERSION = YES;
				CLANG_WARN_OBJC_ROOT_CLASS = YES_ERROR;
				CLANG_WARN_RANGE_LOOP_ANALYSIS = YES;
				CLANG_WARN_STRICT_PROTOTYPES = YES;
				CLANG_WARN_SUSPICIOUS_MOVE = YES;
				CLANG_WARN_UNGUARDED_AVAILABILITY = YES_AGGRESSIVE;
				CLANG_WARN_UNREACHABLE_CODE = YES;
				CLANG_WARN__DUPLICATE_METHOD_MATCH = YES;
				CODE_SIGN_IDENTITY = "Mac Developer";
				COPY_PHASE_STRIP = NO;
				DEBUG_INFORMATION_FORMAT = dwarf;
				ENABLE_STRICT_OBJC_MSGSEND = YES;
				ENABLE_TESTABILITY = YES;
				GCC_C_LANGUAGE_STANDARD = gnu11;
				GCC_DYNAMIC_NO_PIC = NO;
				GCC_NO_COMMON_BLOCKS = YES;
				GCC_OPTIMIZATION_LEVEL = 0;
				GCC_PREPROCESSOR_DEFINITIONS = (
					"DEBUG=1",
					"$(inherited)",
				);
				GCC_WARN_64_TO_32_BIT_CONVERSION = YES;
				GCC_WARN_ABOUT_RETURN_TYPE = YES_ERROR;
				GCC_WARN_UNDECLARED_SELECTOR = YES;
				GCC_WARN_UNINITIALIZED_AUTOS = YES_AGGRESSIVE;
				GCC_WARN_UNUSED_FUNCTION = YES;
				GCC_WARN_UNUSED_VARIABLE = YES;
				MACOSX_DEPLOYMENT_TARGET = 10.14;
				MTL_ENABLE_DEBUG_INFO = INCLUDE_SOURCE;
				MTL_FAST_MATH = YES;
				ONLY_ACTIVE_ARCH = YES;
				SDKROOT = macosx;
			};
			name = Debug;
		};
		DA76DA7221CA6EB300D4CD12 /* Release */ = {
			isa = XCBuildConfiguration;
			buildSettings = {
				ALWAYS_SEARCH_USER_PATHS = NO;
				CLANG_ANALYZER_NONNULL = YES;
				CLANG_ANALYZER_NUMBER_OBJECT_CONVERSION = YES_AGGRESSIVE;
				CLANG_CXX_LANGUAGE_STANDARD = "gnu++14";
				CLANG_CXX_LIBRARY = "libc++";
				CLANG_ENABLE_MODULES = YES;
				CLANG_ENABLE_OBJC_ARC = YES;
				CLANG_ENABLE_OBJC_WEAK = YES;
				CLANG_WARN_BLOCK_CAPTURE_AUTORELEASING = YES;
				CLANG_WARN_BOOL_CONVERSION = YES;
				CLANG_WARN_COMMA = YES;
				CLANG_WARN_CONSTANT_CONVERSION = YES;
				CLANG_WARN_DEPRECATED_OBJC_IMPLEMENTATIONS = YES;
				CLANG_WARN_DIRECT_OBJC_ISA_USAGE = YES_ERROR;
				CLANG_WARN_DOCUMENTATION_COMMENTS = YES;
				CLANG_WARN_EMPTY_BODY = YES;
				CLANG_WARN_ENUM_CONVERSION = YES;
				CLANG_WARN_INFINITE_RECURSION = YES;
				CLANG_WARN_INT_CONVERSION = YES;
				CLANG_WARN_NON_LITERAL_NULL_CONVERSION = YES;
				CLANG_WARN_OBJC_IMPLICIT_RETAIN_SELF = YES;
				CLANG_WARN_OBJC_LITERAL_CONVERSION = YES;
				CLANG_WARN_OBJC_ROOT_CLASS = YES_ERROR;
				CLANG_WARN_RANGE_LOOP_ANALYSIS = YES;
				CLANG_WARN_STRICT_PROTOTYPES = YES;
				CLANG_WARN_SUSPICIOUS_MOVE = YES;
				CLANG_WARN_UNGUARDED_AVAILABILITY = YES_AGGRESSIVE;
				CLANG_WARN_UNREACHABLE_CODE = YES;
				CLANG_WARN__DUPLICATE_METHOD_MATCH = YES;
				CODE_SIGN_IDENTITY = "Mac Developer";
				COPY_PHASE_STRIP = NO;
				DEBUG_INFORMATION_FORMAT = "dwarf-with-dsym";
				ENABLE_NS_ASSERTIONS = NO;
				ENABLE_STRICT_OBJC_MSGSEND = YES;
				GCC_C_LANGUAGE_STANDARD = gnu11;
				GCC_NO_COMMON_BLOCKS = YES;
				GCC_WARN_64_TO_32_BIT_CONVERSION = YES;
				GCC_WARN_ABOUT_RETURN_TYPE = YES_ERROR;
				GCC_WARN_UNDECLARED_SELECTOR = YES;
				GCC_WARN_UNINITIALIZED_AUTOS = YES_AGGRESSIVE;
				GCC_WARN_UNUSED_FUNCTION = YES;
				GCC_WARN_UNUSED_VARIABLE = YES;
				MACOSX_DEPLOYMENT_TARGET = 10.14;
				MTL_ENABLE_DEBUG_INFO = NO;
				MTL_FAST_MATH = YES;
				SDKROOT = macosx;
			};
			name = Release;
		};
		DA76DA7421CA6EB300D4CD12 /* Debug */ = {
			isa = XCBuildConfiguration;
			buildSettings = {
				CODE_SIGN_STYLE = Automatic;
				DEVELOPMENT_TEAM = 7465LVKW35;
				PRODUCT_NAME = "$(TARGET_NAME)";
			};
			name = Debug;
		};
		DA76DA7521CA6EB300D4CD12 /* Release */ = {
			isa = XCBuildConfiguration;
			buildSettings = {
				CODE_SIGN_STYLE = Automatic;
				DEVELOPMENT_TEAM = 7465LVKW35;
				PRODUCT_NAME = "$(TARGET_NAME)";
			};
			name = Release;
		};
/* End XCBuildConfiguration section */

/* Begin XCConfigurationList section */
		DA76DA6721CA6EB300D4CD12 /* Build configuration list for PBXProject "observer" */ = {
			isa = XCConfigurationList;
			buildConfigurations = (
				DA76DA7121CA6EB300D4CD12 /* Debug */,
				DA76DA7221CA6EB300D4CD12 /* Release */,
			);
			defaultConfigurationIsVisible = 0;
			defaultConfigurationName = Release;
		};
		DA76DA7321CA6EB300D4CD12 /* Build configuration list for PBXNativeTarget "observer" */ = {
			isa = XCConfigurationList;
			buildConfigurations = (
				DA76DA7421CA6EB300D4CD12 /* Debug */,
				DA76DA7521CA6EB300D4CD12 /* Release */,
			);
			defaultConfigurationIsVisible = 0;
			defaultConfigurationName = Release;
		};
/* End XCConfigurationList section */
	};
	rootObject = DA76DA6421CA6EB300D4CD12 /* Project object */;
}
